{
  "lockfileVersion": 1,
  "workspaces": {
    "": {
      "name": "cap",
      "devDependencies": {
        "@clack/prompts": "^0.10.0",
        "dotenv-cli": "latest",
        "prettier": "^2.5.1",
        "turbo": "^2.3.4",
        "typescript": "^5.7.2",
      },
    },
  },
  "packages": {
    "@clack/core": ["@clack/core@0.4.2", "", { "dependencies": { "picocolors": "^1.0.0", "sisteransi": "^1.0.5" } }, "sha512-NYQfcEy8MWIxrT5Fj8nIVchfRFA26yYKJcvBS7WlUIlw2OmQOY9DhGGXMovyI5J5PpxrCPGkgUi207EBrjpBvg=="],

    "@clack/prompts": ["@clack/prompts@0.10.1", "", { "dependencies": { "@clack/core": "0.4.2", "picocolors": "^1.0.0", "sisteransi": "^1.0.5" } }, "sha512-Q0T02vx8ZM9XSv9/Yde0jTmmBQufZhPJfYAg2XrrrxWWaZgq1rr8nU8Hv710BQ1dhoP8rtY7YUdpGej2Qza/cw=="],

    "cross-spawn": ["cross-spawn@7.0.6", "", { "dependencies": { "path-key": "^3.1.0", "shebang-command": "^2.0.0", "which": "^2.0.1" } }, "sha512-uV2QOWP2nWzsy2aMp8aRibhi9dlzF5Hgh5SHaB9OiTGEyDTiJJyx0uy51QXdyWbtAHNua4XJzUKca3OzKUd3vA=="],

    "dotenv": ["dotenv@16.5.0", "", {}, "sha512-m/C+AwOAr9/W1UOIZUo232ejMNnJAJtYQjUbHoNTBNTJSvqzzDh7vnrei3o3r3m9blf6ZoDkvcw0VmozNRFJxg=="],

    "dotenv-cli": ["dotenv-cli@8.0.0", "", { "dependencies": { "cross-spawn": "^7.0.6", "dotenv": "^16.3.0", "dotenv-expand": "^10.0.0", "minimist": "^1.2.6" }, "bin": { "dotenv": "cli.js" } }, "sha512-aLqYbK7xKOiTMIRf1lDPbI+Y+Ip/wo5k3eyp6ePysVaSqbyxjyK3dK35BTxG+rmd7djf5q2UPs4noPNH+cj0Qw=="],

    "dotenv-expand": ["dotenv-expand@10.0.0", "", {}, "sha512-GopVGCpVS1UKH75VKHGuQFqS1Gusej0z4FyQkPdwjil2gNIv+LNsqBlboOzpJFZKVT95GkCyWJbBSdFEFUWI2A=="],

    "isexe": ["isexe@2.0.0", "", {}, "sha512-RHxMLp9lnKHGHRng9QFhRCMbYAcVpn69smSGcq3f36xjgVVWThj4qqLbTLlq7Ssj8B+fIQ1EuCEGI2lKsyQeIw=="],

    "minimist": ["minimist@1.2.8", "", {}, "sha512-2yyAR8qBkN3YuheJanUpWC5U3bb5osDywNB8RzDVlDwDHbocAJveqqj1u8+SVD7jkWT4yvsHCpWqqWqAxb0zCA=="],

    "path-key": ["path-key@3.1.1", "", {}, "sha512-ojmeN0qd+y0jszEtoY48r0Peq5dwMEkIlCOu6Q5f41lfkswXuKtYrhgoTpLnyIcHm24Uhqx+5Tqm2InSwLhE6Q=="],

    "picocolors": ["picocolors@1.1.1", "", {}, "sha512-xceH2snhtb5M9liqDsmEw56le376mTZkEX/jEb/RxNFyegNul7eNslCXP9FDj/Lcu0X8KEyMceP2ntpaHrDEVA=="],

    "prettier": ["prettier@2.8.8", "", { "bin": { "prettier": "bin-prettier.js" } }, "sha512-tdN8qQGvNjw4CHbY+XXk0JgCXn9QiF21a55rBe5LJAU+kDyC4WQn4+awm2Xfk2lQMk5fKup9XgzTZtGkjBdP9Q=="],

    "shebang-command": ["shebang-command@2.0.0", "", { "dependencies": { "shebang-regex": "^3.0.0" } }, "sha512-kHxr2zZpYtdmrN1qDjrrX/Z1rR1kG8Dx+gkpK1G4eXmvXswmcE1hTWBWYUzlraYw1/yZp6YuDY77YtvbN0dmDA=="],

    "shebang-regex": ["shebang-regex@3.0.0", "", {}, "sha512-7++dFhtcx3353uBaq8DDR4NuxBetBzC7ZQOhmTQInHEd6bSrXdiEyzCvG07Z44UYdLShWUyXt5M/yhz8ekcb1A=="],

    "sisteransi": ["sisteransi@1.0.5", "", {}, "sha512-bLGGlR1QxBcynn2d5YmDX4MGjlZvy2MRBDRNHLJ8VI6l6+9FUiyTFNJ0IveOSP0bcXgVDPRcfGqA0pjaqUpfVg=="],

    "turbo": ["turbo@2.5.3", "", { "optionalDependencies": { "turbo-darwin-64": "2.5.3", "turbo-darwin-arm64": "2.5.3", "turbo-linux-64": "2.5.3", "turbo-linux-arm64": "2.5.3", "turbo-windows-64": "2.5.3", "turbo-windows-arm64": "2.5.3" }, "bin": { "turbo": "bin/turbo" } }, "sha512-iHuaNcq5GZZnr3XDZNuu2LSyCzAOPwDuo5Qt+q64DfsTP1i3T2bKfxJhni2ZQxsvAoxRbuUK5QetJki4qc5aYA=="],

    "turbo-darwin-64": ["turbo-darwin-64@2.5.3", "", { "os": "darwin", "cpu": "x64" }, "sha512-YSItEVBUIvAGPUDpAB9etEmSqZI3T6BHrkBkeSErvICXn3dfqXUfeLx35LfptLDEbrzFUdwYFNmt8QXOwe9yaw=="],

    "turbo-darwin-arm64": ["turbo-darwin-arm64@2.5.3", "", { "os": "darwin", "cpu": "arm64" }, "sha512-5PefrwHd42UiZX7YA9m1LPW6x9YJBDErXmsegCkVp+GjmWrADfEOxpFrGQNonH3ZMj77WZB2PVE5Aw3gA+IOhg=="],

    "turbo-linux-64": ["turbo-linux-64@2.5.3", "", { "os": "linux", "cpu": "x64" }, "sha512-M9xigFgawn5ofTmRzvjjLj3Lqc05O8VHKuOlWNUlnHPUltFquyEeSkpQNkE/vpPdOR14AzxqHbhhxtfS4qvb1w=="],

    "turbo-linux-arm64": ["turbo-linux-arm64@2.5.3", "", { "os": "linux", "cpu": "arm64" }, "sha512-auJRbYZ8SGJVqvzTikpg1bsRAsiI9Tk0/SDkA5Xgg0GdiHDH/BOzv1ZjDE2mjmlrO/obr19Dw+39OlMhwLffrw=="],

    "turbo-windows-64": ["turbo-windows-64@2.5.3", "", { "os": "win32", "cpu": "x64" }, "sha512-arLQYohuHtIEKkmQSCU9vtrKUg+/1TTstWB9VYRSsz+khvg81eX6LYHtXJfH/dK7Ho6ck+JaEh5G+QrE1jEmCQ=="],

    "turbo-windows-arm64": ["turbo-windows-arm64@2.5.3", "", { "os": "win32", "cpu": "arm64" }, "sha512-3JPn66HAynJ0gtr6H+hjY4VHpu1RPKcEwGATvGUTmLmYSYBQieVlnGDRMMoYN066YfyPqnNGCfhYbXfH92Cm0g=="],

    "typescript": ["typescript@5.8.3", "", { "bin": { "tsc": "bin/tsc", "tsserver": "bin/tsserver" } }, "sha512-p1diW6TqL9L07nNxvRMM7hMMw4c5XOo/1ibL4aAIGmSAt9slTE1Xgw5KWuof2uTOvCg9BY7ZRi+GaF+7sfgPeQ=="],

    "which": ["which@2.0.2", "", { "dependencies": { "isexe": "^2.0.0" }, "bin": { "node-which": "./bin/node-which" } }, "sha512-BLI3Tl1TW3Pvl70l3yq3Y64i+awpwXqsGBYWkkqMtnbXgrMD+yj7rhW0kuEDxzJaYXGjEW5ogapKNMEKNMjibA=="],
  }
}
