{
	"name": "cap",
	"lockfileVersion": 3,
	"requires": true,
	"packages": {
		"": {
			"name": "cap",
			"devDependencies": {
				"@biomejs/biome": "2.2.0",
				"@clack/prompts": "^0.10.0",
				"@effect/language-service": "^0.44.0",
				"dotenv-cli": "latest",
				"mysql2": "^3.15.2",
				"tsdown": "^0.15.6",
				"turbo": "^2.3.4",
				"typescript": "^5.8.3"
			},
			"engines": {
				"node": ">=20"
			}
		},
		"node_modules/@babel/generator": {
			"version": "7.29.1",
			"resolved": "https://registry.npmjs.org/@babel/generator/-/generator-7.29.1.tgz",
			"integrity": "sha512-qsaF+9Qcm2Qv8SRIMMscAvG4O3lJ0F1GuMo5HR/Bp02LopNgnZBC/EkbevHFeGs4ls/oPz9v+Bsmzbkbe+0dUw==",
			"dev": true,
			"dependencies": {
				"@babel/parser": "^7.29.0",
				"@babel/types": "^7.29.0",
				"@jridgewell/gen-mapping": "^0.3.12",
				"@jridgewell/trace-mapping": "^0.3.28",
				"jsesc": "^3.0.2"
			},
			"engines": {
				"node": ">=6.9.0"
			}
		},
		"node_modules/@babel/helper-string-parser": {
			"version": "7.27.1",
			"resolved": "https://registry.npmjs.org/@babel/helper-string-parser/-/helper-string-parser-7.27.1.tgz",
			"integrity": "sha512-qMlSxKbpRlAridDExk92nSobyDdpPijUq2DW6oDnUqd0iOGxmQjyqhMIihI9+zv4LPyZdRje2cavWPbCbWm3eA==",
			"dev": true,
			"engines": {
				"node": ">=6.9.0"
			}
		},
		"node_modules/@babel/helper-validator-identifier": {
			"version": "7.28.5",
			"resolved": "https://registry.npmjs.org/@babel/helper-validator-identifier/-/helper-validator-identifier-7.28.5.tgz",
			"integrity": "sha512-qSs4ifwzKJSV39ucNjsvc6WVHs6b7S03sOh2OcHF9UHfVPqWWALUsNUVzhSBiItjRZoLHx7nIarVjqKVusUZ1Q==",
			"dev": true,
			"engines": {
				"node": ">=6.9.0"
			}
		},
		"node_modules/@babel/parser": {
			"version": "7.29.0",
			"resolved": "https://registry.npmjs.org/@babel/parser/-/parser-7.29.0.tgz",
			"integrity": "sha512-IyDgFV5GeDUVX4YdF/3CPULtVGSXXMLh1xVIgdCgxApktqnQV0r7/8Nqthg+8YLGaAtdyIlo2qIdZrbCv4+7ww==",
			"dev": true,
			"dependencies": {
				"@babel/types": "^7.29.0"
			},
			"bin": {
				"parser": "bin/babel-parser.js"
			},
			"engines": {
				"node": ">=6.0.0"
			}
		},
		"node_modules/@babel/types": {
			"version": "7.29.0",
			"resolved": "https://registry.npmjs.org/@babel/types/-/types-7.29.0.tgz",
			"integrity": "sha512-LwdZHpScM4Qz8Xw2iKSzS+cfglZzJGvofQICy7W7v4caru4EaAmyUuO6BGrbyQ2mYV11W0U8j5mBhd14dd3B0A==",
			"dev": true,
			"dependencies": {
				"@babel/helper-string-parser": "^7.27.1",
				"@babel/helper-validator-identifier": "^7.28.5"
			},
			"engines": {
				"node": ">=6.9.0"
			}
		},
		"node_modules/@biomejs/biome": {
			"version": "2.2.0",
			"resolved": "https://registry.npmjs.org/@biomejs/biome/-/biome-2.2.0.tgz",
			"integrity": "sha512-3On3RSYLsX+n9KnoSgfoYlckYBoU6VRM22cw1gB4Y0OuUVSYd/O/2saOJMrA4HFfA1Ff0eacOvMN1yAAvHtzIw==",
			"dev": true,
			"bin": {
				"biome": "bin/biome"
			},
			"engines": {
				"node": ">=14.21.3"
			},
			"funding": {
				"type": "opencollective",
				"url": "https://opencollective.com/biome"
			},
			"optionalDependencies": {
				"@biomejs/cli-darwin-arm64": "2.2.0",
				"@biomejs/cli-darwin-x64": "2.2.0",
				"@biomejs/cli-linux-arm64": "2.2.0",
				"@biomejs/cli-linux-arm64-musl": "2.2.0",
				"@biomejs/cli-linux-x64": "2.2.0",
				"@biomejs/cli-linux-x64-musl": "2.2.0",
				"@biomejs/cli-win32-arm64": "2.2.0",
				"@biomejs/cli-win32-x64": "2.2.0"
			}
		},
		"node_modules/@biomejs/cli-darwin-arm64": {
			"version": "2.2.0",
			"resolved": "https://registry.npmjs.org/@biomejs/cli-darwin-arm64/-/cli-darwin-arm64-2.2.0.tgz",
			"integrity": "sha512-zKbwUUh+9uFmWfS8IFxmVD6XwqFcENjZvEyfOxHs1epjdH3wyyMQG80FGDsmauPwS2r5kXdEM0v/+dTIA9FXAg==",
			"cpu": [
				"arm64"
			],
			"dev": true,
			"optional": true,
			"os": [
				"darwin"
			],
			"engines": {
				"node": ">=14.21.3"
			}
		},
		"node_modules/@biomejs/cli-darwin-x64": {
			"version": "2.2.0",
			"resolved": "https://registry.npmjs.org/@biomejs/cli-darwin-x64/-/cli-darwin-x64-2.2.0.tgz",
			"integrity": "sha512-+OmT4dsX2eTfhD5crUOPw3RPhaR+SKVspvGVmSdZ9y9O/AgL8pla6T4hOn1q+VAFBHuHhsdxDRJgFCSC7RaMOw==",
			"cpu": [
				"x64"
			],
			"dev": true,
			"optional": true,
			"os": [
				"darwin"
			],
			"engines": {
				"node": ">=14.21.3"
			}
		},
		"node_modules/@biomejs/cli-linux-arm64": {
			"version": "2.2.0",
			"resolved": "https://registry.npmjs.org/@biomejs/cli-linux-arm64/-/cli-linux-arm64-2.2.0.tgz",
			"integrity": "sha512-6eoRdF2yW5FnW9Lpeivh7Mayhq0KDdaDMYOJnH9aT02KuSIX5V1HmWJCQQPwIQbhDh68Zrcpl8inRlTEan0SXw==",
			"cpu": [
				"arm64"
			],
			"dev": true,
			"optional": true,
			"os": [
				"linux"
			],
			"engines": {
				"node": ">=14.21.3"
			}
		},
		"node_modules/@biomejs/cli-linux-arm64-musl": {
			"version": "2.2.0",
			"resolved": "https://registry.npmjs.org/@biomejs/cli-linux-arm64-musl/-/cli-linux-arm64-musl-2.2.0.tgz",
			"integrity": "sha512-egKpOa+4FL9YO+SMUMLUvf543cprjevNc3CAgDNFLcjknuNMcZ0GLJYa3EGTCR2xIkIUJDVneBV3O9OcIlCEZQ==",
			"cpu": [
				"arm64"
			],
			"dev": true,
			"optional": true,
			"os": [
				"linux"
			],
			"engines": {
				"node": ">=14.21.3"
			}
		},
		"node_modules/@biomejs/cli-linux-x64": {
			"version": "2.2.0",
			"resolved": "https://registry.npmjs.org/@biomejs/cli-linux-x64/-/cli-linux-x64-2.2.0.tgz",
			"integrity": "sha512-5UmQx/OZAfJfi25zAnAGHUMuOd+LOsliIt119x2soA2gLggQYrVPA+2kMUxR6Mw5M1deUF/AWWP2qpxgH7Nyfw==",
			"cpu": [
				"x64"
			],
			"dev": true,
			"optional": true,
			"os": [
				"linux"
			],
			"engines": {
				"node": ">=14.21.3"
			}
		},
		"node_modules/@biomejs/cli-linux-x64-musl": {
			"version": "2.2.0",
			"resolved": "https://registry.npmjs.org/@biomejs/cli-linux-x64-musl/-/cli-linux-x64-musl-2.2.0.tgz",
			"integrity": "sha512-I5J85yWwUWpgJyC1CcytNSGusu2p9HjDnOPAFG4Y515hwRD0jpR9sT9/T1cKHtuCvEQ/sBvx+6zhz9l9wEJGAg==",
			"cpu": [
				"x64"
			],
			"dev": true,
			"optional": true,
			"os": [
				"linux"
			],
			"engines": {
				"node": ">=14.21.3"
			}
		},
		"node_modules/@biomejs/cli-win32-arm64": {
			"version": "2.2.0",
			"resolved": "https://registry.npmjs.org/@biomejs/cli-win32-arm64/-/cli-win32-arm64-2.2.0.tgz",
			"integrity": "sha512-n9a1/f2CwIDmNMNkFs+JI0ZjFnMO0jdOyGNtihgUNFnlmd84yIYY2KMTBmMV58ZlVHjgmY5Y6E1hVTnSRieggA==",
			"cpu": [
				"arm64"
			],
			"dev": true,
			"optional": true,
			"os": [
				"win32"
			],
			"engines": {
				"node": ">=14.21.3"
			}
		},
		"node_modules/@biomejs/cli-win32-x64": {
			"version": "2.2.0",
			"resolved": "https://registry.npmjs.org/@biomejs/cli-win32-x64/-/cli-win32-x64-2.2.0.tgz",
			"integrity": "sha512-Nawu5nHjP/zPKTIryh2AavzTc/KEg4um/MxWdXW0A6P/RZOyIpa7+QSjeXwAwX/utJGaCoXRPWtF3m5U/bB3Ww==",
			"cpu": [
				"x64"
			],
			"dev": true,
			"optional": true,
			"os": [
				"win32"
			],
			"engines": {
				"node": ">=14.21.3"
			}
		},
		"node_modules/@clack/core": {
			"version": "0.4.2",
			"resolved": "https://registry.npmjs.org/@clack/core/-/core-0.4.2.tgz",
			"integrity": "sha512-NYQfcEy8MWIxrT5Fj8nIVchfRFA26yYKJcvBS7WlUIlw2OmQOY9DhGGXMovyI5J5PpxrCPGkgUi207EBrjpBvg==",
			"dev": true,
			"dependencies": {
				"picocolors": "^1.0.0",
				"sisteransi": "^1.0.5"
			}
		},
		"node_modules/@clack/prompts": {
			"version": "0.10.1",
			"resolved": "https://registry.npmjs.org/@clack/prompts/-/prompts-0.10.1.tgz",
			"integrity": "sha512-Q0T02vx8ZM9XSv9/Yde0jTmmBQufZhPJfYAg2XrrrxWWaZgq1rr8nU8Hv710BQ1dhoP8rtY7YUdpGej2Qza/cw==",
			"dev": true,
			"dependencies": {
				"@clack/core": "0.4.2",
				"picocolors": "^1.0.0",
				"sisteransi": "^1.0.5"
			}
		},
		"node_modules/@effect/language-service": {
			"version": "0.44.1",
			"resolved": "https://registry.npmjs.org/@effect/language-service/-/language-service-0.44.1.tgz",
			"integrity": "sha512-BH5F8B1CFbkL2iaX8Ly5OFO7wHfWVc+FJ7xxF+XF2tVOW1gaWxxyBdvyPpZSZDbL8wp+Fii7NH5lXh+Q9W7Tqg==",
			"dev": true,
			"bin": {
				"effect-language-service": "cli.js"
			}
		},
		"node_modules/@emnapi/core": {
			"version": "1.8.1",
			"resolved": "https://registry.npmjs.org/@emnapi/core/-/core-1.8.1.tgz",
			"integrity": "sha512-AvT9QFpxK0Zd8J0jopedNm+w/2fIzvtPKPjqyw9jwvBaReTTqPBk9Hixaz7KbjimP+QNz605/XnjFcDAL2pqBg==",
			"dev": true,
			"optional": true,
			"dependencies": {
				"@emnapi/wasi-threads": "1.1.0",
				"tslib": "^2.4.0"
			}
		},
		"node_modules/@emnapi/runtime": {
			"version": "1.8.1",
			"resolved": "https://registry.npmjs.org/@emnapi/runtime/-/runtime-1.8.1.tgz",
			"integrity": "sha512-mehfKSMWjjNol8659Z8KxEMrdSJDDot5SXMq00dM8BN4o+CLNXQ0xH2V7EchNHV4RmbZLmmPdEaXZc5H2FXmDg==",
			"dev": true,
			"optional": true,
			"dependencies": {
				"tslib": "^2.4.0"
			}
		},
		"node_modules/@emnapi/wasi-threads": {
			"version": "1.1.0",
			"resolved": "https://registry.npmjs.org/@emnapi/wasi-threads/-/wasi-threads-1.1.0.tgz",
			"integrity": "sha512-WI0DdZ8xFSbgMjR1sFsKABJ/C5OnRrjT06JXbZKexJGrDuPTzZdDYfFlsgcCXCyf+suG5QU2e/y1Wo2V/OapLQ==",
			"dev": true,
			"optional": true,
			"dependencies": {
				"tslib": "^2.4.0"
			}
		},
		"node_modules/@jridgewell/gen-mapping": {
			"version": "0.3.13",
			"resolved": "https://registry.npmjs.org/@jridgewell/gen-mapping/-/gen-mapping-0.3.13.tgz",
			"integrity": "sha512-2kkt/7niJ6MgEPxF0bYdQ6etZaA+fQvDcLKckhy1yIQOzaoKjBBjSj63/aLVjYE3qhRt5dvM+uUyfCg6UKCBbA==",
			"dev": true,
			"dependencies": {
				"@jridgewell/sourcemap-codec": "^1.5.0",
				"@jridgewell/trace-mapping": "^0.3.24"
			}
		},
		"node_modules/@jridgewell/resolve-uri": {
			"version": "3.1.2",
			"resolved": "https://registry.npmjs.org/@jridgewell/resolve-uri/-/resolve-uri-3.1.2.tgz",
			"integrity": "sha512-bRISgCIjP20/tbWSPWMEi54QVPRZExkuD9lJL+UIxUKtwVJA8wW1Trb1jMs1RFXo1CBTNZ/5hpC9QvmKWdopKw==",
			"dev": true,
			"engines": {
				"node": ">=6.0.0"
			}
		},
		"node_modules/@jridgewell/sourcemap-codec": {
			"version": "1.5.5",
			"resolved": "https://registry.npmjs.org/@jridgewell/sourcemap-codec/-/sourcemap-codec-1.5.5.tgz",
			"integrity": "sha512-cYQ9310grqxueWbl+WuIUIaiUaDcj7WOq5fVhEljNVgRfOUhY9fy2zTvfoqWsnebh8Sl70VScFbICvJnLKB0Og==",
			"dev": true
		},
		"node_modules/@jridgewell/trace-mapping": {
			"version": "0.3.31",
			"resolved": "https://registry.npmjs.org/@jridgewell/trace-mapping/-/trace-mapping-0.3.31.tgz",
			"integrity": "sha512-zzNR+SdQSDJzc8joaeP8QQoCQr8NuYx2dIIytl1QeBEZHJ9uW6hebsrYgbz8hJwUQao3TWCMtmfV8Nu1twOLAw==",
			"dev": true,
			"dependencies": {
				"@jridgewell/resolve-uri": "^3.1.0",
				"@jridgewell/sourcemap-codec": "^1.4.14"
			}
		},
		"node_modules/@napi-rs/wasm-runtime": {
			"version": "1.1.1",
			"resolved": "https://registry.npmjs.org/@napi-rs/wasm-runtime/-/wasm-runtime-1.1.1.tgz",
			"integrity": "sha512-p64ah1M1ld8xjWv3qbvFwHiFVWrq1yFvV4f7w+mzaqiR4IlSgkqhcRdHwsGgomwzBH51sRY4NEowLxnaBjcW/A==",
			"dev": true,
			"optional": true,
			"dependencies": {
				"@emnapi/core": "^1.7.1",
				"@emnapi/runtime": "^1.7.1",
				"@tybys/wasm-util": "^0.10.1"
			},
			"funding": {
				"type": "github",
				"url": "https://github.com/sponsors/Brooooooklyn"
			}
		},
		"node_modules/@oxc-project/types": {
			"version": "0.95.0",
			"resolved": "https://registry.npmjs.org/@oxc-project/types/-/types-0.95.0.tgz",
			"integrity": "sha512-vACy7vhpMPhjEJhULNxrdR0D943TkA/MigMpJCHmBHvMXxRStRi/dPtTlfQ3uDwWSzRpT8z+7ImjZVf8JWBocQ==",
			"dev": true,
			"funding": {
				"url": "https://github.com/sponsors/Boshen"
			}
		},
		"node_modules/@quansync/fs": {
			"version": "1.0.0",
			"resolved": "https://registry.npmjs.org/@quansync/fs/-/fs-1.0.0.tgz",
			"integrity": "sha512-4TJ3DFtlf1L5LDMaM6CanJ/0lckGNtJcMjQ1NAV6zDmA0tEHKZtxNKin8EgPaVX1YzljbxckyT2tJrpQKAtngQ==",
			"dev": true,
			"dependencies": {
				"quansync": "^1.0.0"
			},
			"funding": {
				"url": "https://github.com/sponsors/sxzz"
			}
		},
		"node_modules/@rolldown/binding-android-arm64": {
			"version": "1.0.0-beta.45",
			"resolved": "https://registry.npmjs.org/@rolldown/binding-android-arm64/-/binding-android-arm64-1.0.0-beta.45.tgz",
			"integrity": "sha512-bfgKYhFiXJALeA/riil908+2vlyWGdwa7Ju5S+JgWZYdR4jtiPOGdM6WLfso1dojCh+4ZWeiTwPeV9IKQEX+4g==",
			"cpu": [
				"arm64"
			],
			"dev": true,
			"optional": true,
			"os": [
				"android"
			],
			"engines": {
				"node": "^20.19.0 || >=22.12.0"
			}
		},
		"node_modules/@rolldown/binding-darwin-arm64": {
			"version": "1.0.0-beta.45",
			"resolved": "https://registry.npmjs.org/@rolldown/binding-darwin-arm64/-/binding-darwin-arm64-1.0.0-beta.45.tgz",
			"integrity": "sha512-xjCv4CRVsSnnIxTuyH1RDJl5OEQ1c9JYOwfDAHddjJDxCw46ZX9q80+xq7Eok7KC4bRSZudMJllkvOKv0T9SeA==",
			"cpu": [
				"arm64"
			],
			"dev": true,
			"optional": true,
			"os": [
				"darwin"
			],
			"engines": {
				"node": "^20.19.0 || >=22.12.0"
			}
		},
		"node_modules/@rolldown/binding-darwin-x64": {
			"version": "1.0.0-beta.45",
			"resolved": "https://registry.npmjs.org/@rolldown/binding-darwin-x64/-/binding-darwin-x64-1.0.0-beta.45.tgz",
			"integrity": "sha512-ddcO9TD3D/CLUa/l8GO8LHzBOaZqWg5ClMy3jICoxwCuoz47h9dtqPsIeTiB6yR501LQTeDsjA4lIFd7u3Ljfw==",
			"cpu": [
				"x64"
			],
			"dev": true,
			"optional": true,
			"os": [
				"darwin"
			],
			"engines": {
				"node": "^20.19.0 || >=22.12.0"
			}
		},
		"node_modules/@rolldown/binding-freebsd-x64": {
			"version": "1.0.0-beta.45",
			"resolved": "https://registry.npmjs.org/@rolldown/binding-freebsd-x64/-/binding-freebsd-x64-1.0.0-beta.45.tgz",
			"integrity": "sha512-MBTWdrzW9w+UMYDUvnEuh0pQvLENkl2Sis15fHTfHVW7ClbGuez+RWopZudIDEGkpZXdeI4CkRXk+vdIIebrmg==",
			"cpu": [
				"x64"
			],
			"dev": true,
			"optional": true,
			"os": [
				"freebsd"
			],
			"engines": {
				"node": "^20.19.0 || >=22.12.0"
			}
		},
		"node_modules/@rolldown/binding-linux-arm-gnueabihf": {
			"version": "1.0.0-beta.45",
			"resolved": "https://registry.npmjs.org/@rolldown/binding-linux-arm-gnueabihf/-/binding-linux-arm-gnueabihf-1.0.0-beta.45.tgz",
			"integrity": "sha512-4YgoCFiki1HR6oSg+GxxfzfnVCesQxLF1LEnw9uXS/MpBmuog0EOO2rYfy69rWP4tFZL9IWp6KEfGZLrZ7aUog==",
			"cpu": [
				"arm"
			],
			"dev": true,
			"optional": true,
			"os": [
				"linux"
			],
			"engines": {
				"node": "^20.19.0 || >=22.12.0"
			}
		},
		"node_modules/@rolldown/binding-linux-arm64-gnu": {
			"version": "1.0.0-beta.45",
			"resolved": "https://registry.npmjs.org/@rolldown/binding-linux-arm64-gnu/-/binding-linux-arm64-gnu-1.0.0-beta.45.tgz",
			"integrity": "sha512-LE1gjAwQRrbCOorJJ7LFr10s5vqYf5a00V5Ea9wXcT2+56n5YosJkcp8eQ12FxRBv2YX8dsdQJb+ZTtYJwb6XQ==",
			"cpu": [
				"arm64"
			],
			"dev": true,
			"optional": true,
			"os": [
				"linux"
			],
			"engines": {
				"node": "^20.19.0 || >=22.12.0"
			}
		},
		"node_modules/@rolldown/binding-linux-arm64-musl": {
			"version": "1.0.0-beta.45",
			"resolved": "https://registry.npmjs.org/@rolldown/binding-linux-arm64-musl/-/binding-linux-arm64-musl-1.0.0-beta.45.tgz",
			"integrity": "sha512-tdy8ThO/fPp40B81v0YK3QC+KODOmzJzSUOO37DinQxzlTJ026gqUSOM8tzlVixRbQJltgVDCTYF8HNPRErQTA==",
			"cpu": [
				"arm64"
			],
			"dev": true,
			"optional": true,
			"os": [
				"linux"
			],
			"engines": {
				"node": "^20.19.0 || >=22.12.0"
			}
		},
		"node_modules/@rolldown/binding-linux-x64-gnu": {
			"version": "1.0.0-beta.45",
			"resolved": "https://registry.npmjs.org/@rolldown/binding-linux-x64-gnu/-/binding-linux-x64-gnu-1.0.0-beta.45.tgz",
			"integrity": "sha512-lS082ROBWdmOyVY/0YB3JmsiClaWoxvC+dA8/rbhyB9VLkvVEaihLEOr4CYmrMse151C4+S6hCw6oa1iewox7g==",
			"cpu": [
				"x64"
			],
			"dev": true,
			"optional": true,
			"os": [
				"linux"
			],
			"engines": {
				"node": "^20.19.0 || >=22.12.0"
			}
		},
		"node_modules/@rolldown/binding-linux-x64-musl": {
			"version": "1.0.0-beta.45",
			"resolved": "https://registry.npmjs.org/@rolldown/binding-linux-x64-musl/-/binding-linux-x64-musl-1.0.0-beta.45.tgz",
			"integrity": "sha512-Hi73aYY0cBkr1/SvNQqH8Cd+rSV6S9RB5izCv0ySBcRnd/Wfn5plguUoGYwBnhHgFbh6cPw9m2dUVBR6BG1gxA==",
			"cpu": [
				"x64"
			],
			"dev": true,
			"optional": true,
			"os": [
				"linux"
			],
			"engines": {
				"node": "^20.19.0 || >=22.12.0"
			}
		},
		"node_modules/@rolldown/binding-openharmony-arm64": {
			"version": "1.0.0-beta.45",
			"resolved": "https://registry.npmjs.org/@rolldown/binding-openharmony-arm64/-/binding-openharmony-arm64-1.0.0-beta.45.tgz",
			"integrity": "sha512-fljEqbO7RHHogNDxYtTzr+GNjlfOx21RUyGmF+NrkebZ8emYYiIqzPxsaMZuRx0rgZmVmliOzEp86/CQFDKhJQ==",
			"cpu": [
				"arm64"
			],
			"dev": true,
			"optional": true,
			"os": [
				"openharmony"
			],
			"engines": {
				"node": "^20.19.0 || >=22.12.0"
			}
		},
		"node_modules/@rolldown/binding-wasm32-wasi": {
			"version": "1.0.0-beta.45",
			"resolved": "https://registry.npmjs.org/@rolldown/binding-wasm32-wasi/-/binding-wasm32-wasi-1.0.0-beta.45.tgz",
			"integrity": "sha512-ZJDB7lkuZE9XUnWQSYrBObZxczut+8FZ5pdanm8nNS1DAo8zsrPuvGwn+U3fwU98WaiFsNrA4XHngesCGr8tEQ==",
			"cpu": [
				"wasm32"
			],
			"dev": true,
			"optional": true,
			"dependencies": {
				"@napi-rs/wasm-runtime": "^1.0.7"
			},
			"engines": {
				"node": ">=14.0.0"
			}
		},
		"node_modules/@rolldown/binding-win32-arm64-msvc": {
			"version": "1.0.0-beta.45",
			"resolved": "https://registry.npmjs.org/@rolldown/binding-win32-arm64-msvc/-/binding-win32-arm64-msvc-1.0.0-beta.45.tgz",
			"integrity": "sha512-zyzAjItHPUmxg6Z8SyRhLdXlJn3/D9KL5b9mObUrBHhWS/GwRH4665xCiFqeuktAhhWutqfc+rOV2LjK4VYQGQ==",
			"cpu": [
				"arm64"
			],
			"dev": true,
			"optional": true,
			"os": [
				"win32"
			],
			"engines": {
				"node": "^20.19.0 || >=22.12.0"
			}
		},
		"node_modules/@rolldown/binding-win32-ia32-msvc": {
			"version": "1.0.0-beta.45",
			"resolved": "https://registry.npmjs.org/@rolldown/binding-win32-ia32-msvc/-/binding-win32-ia32-msvc-1.0.0-beta.45.tgz",
			"integrity": "sha512-wODcGzlfxqS6D7BR0srkJk3drPwXYLu7jPHN27ce2c4PUnVVmJnp9mJzUQGT4LpmHmmVdMZ+P6hKvyTGBzc1CA==",
			"cpu": [
				"ia32"
			],
			"dev": true,
			"optional": true,
			"os": [
				"win32"
			],
			"engines": {
				"node": "^20.19.0 || >=22.12.0"
			}
		},
		"node_modules/@rolldown/binding-win32-x64-msvc": {
			"version": "1.0.0-beta.45",
			"resolved": "https://registry.npmjs.org/@rolldown/binding-win32-x64-msvc/-/binding-win32-x64-msvc-1.0.0-beta.45.tgz",
			"integrity": "sha512-wiU40G1nQo9rtfvF9jLbl79lUgjfaD/LTyUEw2Wg/gdF5OhjzpKMVugZQngO+RNdwYaNj+Fs+kWBWfp4VXPMHA==",
			"cpu": [
				"x64"
			],
			"dev": true,
			"optional": true,
			"os": [
				"win32"
			],
			"engines": {
				"node": "^20.19.0 || >=22.12.0"
			}
		},
		"node_modules/@rolldown/pluginutils": {
			"version": "1.0.0-beta.45",
			"resolved": "https://registry.npmjs.org/@rolldown/pluginutils/-/pluginutils-1.0.0-beta.45.tgz",
			"integrity": "sha512-Le9ulGCrD8ggInzWw/k2J8QcbPz7eGIOWqfJ2L+1R0Opm7n6J37s2hiDWlh6LJN0Lk9L5sUzMvRHKW7UxBZsQA==",
			"dev": true
		},
		"node_modules/@tybys/wasm-util": {
			"version": "0.10.1",
			"resolved": "https://registry.npmjs.org/@tybys/wasm-util/-/wasm-util-0.10.1.tgz",
			"integrity": "sha512-9tTaPJLSiejZKx+Bmog4uSubteqTvFrVrURwkmHixBo0G4seD0zUxp98E1DzUBJxLQ3NPwXrGKDiVjwx/DpPsg==",
			"dev": true,
			"optional": true,
			"dependencies": {
				"tslib": "^2.4.0"
			}
		},
		"node_modules/ansis": {
			"version": "4.2.0",
			"resolved": "https://registry.npmjs.org/ansis/-/ansis-4.2.0.tgz",
			"integrity": "sha512-HqZ5rWlFjGiV0tDm3UxxgNRqsOTniqoKZu0pIAfh7TZQMGuZK+hH0drySty0si0QXj1ieop4+SkSfPZBPPkHig==",
			"dev": true,
			"engines": {
				"node": ">=14"
			}
		},
		"node_modules/ast-kit": {
			"version": "2.2.0",
			"resolved": "https://registry.npmjs.org/ast-kit/-/ast-kit-2.2.0.tgz",
			"integrity": "sha512-m1Q/RaVOnTp9JxPX+F+Zn7IcLYMzM8kZofDImfsKZd8MbR+ikdOzTeztStWqfrqIxZnYWryyI9ePm3NGjnZgGw==",
			"dev": true,
			"dependencies": {
				"@babel/parser": "^7.28.5",
				"pathe": "^2.0.3"
			},
			"engines": {
				"node": ">=20.19.0"
			},
			"funding": {
				"url": "https://github.com/sponsors/sxzz"
			}
		},
		"node_modules/aws-ssl-profiles": {
			"version": "1.1.2",
			"resolved": "https://registry.npmjs.org/aws-ssl-profiles/-/aws-ssl-profiles-1.1.2.tgz",
			"integrity": "sha512-NZKeq9AfyQvEeNlN0zSYAaWrmBffJh3IELMZfRpJVWgrpEbtEpnjvzqBPf+mxoI287JohRDoa+/nsfqqiZmF6g==",
			"dev": true,
			"engines": {
				"node": ">= 6.0.0"
			}
		},
		"node_modules/birpc": {
			"version": "2.9.0",
			"resolved": "https://registry.npmjs.org/birpc/-/birpc-2.9.0.tgz",
			"integrity": "sha512-KrayHS5pBi69Xi9JmvoqrIgYGDkD6mcSe/i6YKi3w5kekCLzrX4+nawcXqrj2tIp50Kw/mT/s3p+GVK0A0sKxw==",
			"dev": true,
			"funding": {
				"url": "https://github.com/sponsors/antfu"
			}
		},
		"node_modules/cac": {
			"version": "6.7.14",
			"resolved": "https://registry.npmjs.org/cac/-/cac-6.7.14.tgz",
			"integrity": "sha512-b6Ilus+c3RrdDk+JhLKUAQfzzgLEPy6wcXqS7f/xe1EETvsDP6GORG7SFuOs6cID5YkqchW/LXZbX5bc8j7ZcQ==",
			"dev": true,
			"engines": {
				"node": ">=8"
			}
		},
		"node_modules/chokidar": {
			"version": "4.0.3",
			"resolved": "https://registry.npmjs.org/chokidar/-/chokidar-4.0.3.tgz",
			"integrity": "sha512-Qgzu8kfBvo+cA4962jnP1KkS6Dop5NS6g7R5LFYJr4b8Ub94PPQXUksCw9PvXoeXPRRddRNC5C1JQUR2SMGtnA==",
			"dev": true,
			"dependencies": {
				"readdirp": "^4.0.1"
			},
			"engines": {
				"node": ">= 14.16.0"
			},
			"funding": {
				"url": "https://paulmillr.com/funding/"
			}
		},
		"node_modules/cross-spawn": {
			"version": "7.0.6",
			"resolved": "https://registry.npmjs.org/cross-spawn/-/cross-spawn-7.0.6.tgz",
			"integrity": "sha512-uV2QOWP2nWzsy2aMp8aRibhi9dlzF5Hgh5SHaB9OiTGEyDTiJJyx0uy51QXdyWbtAHNua4XJzUKca3OzKUd3vA==",
			"dev": true,
			"dependencies": {
				"path-key": "^3.1.0",
				"shebang-command": "^2.0.0",
				"which": "^2.0.1"
			},
			"engines": {
				"node": ">= 8"
			}
		},
		"node_modules/debug": {
			"version": "4.4.3",
			"resolved": "https://registry.npmjs.org/debug/-/debug-4.4.3.tgz",
			"integrity": "sha512-RGwwWnwQvkVfavKVt22FGLw+xYSdzARwm0ru6DhTVA3umU5hZc28V3kO4stgYryrTlLpuvgI9GiijltAjNbcqA==",
			"dev": true,
			"dependencies": {
				"ms": "^2.1.3"
			},
			"engines": {
				"node": ">=6.0"
			},
			"peerDependenciesMeta": {
				"supports-color": {
					"optional": true
				}
			}
		},
		"node_modules/defu": {
			"version": "6.1.4",
			"resolved": "https://registry.npmjs.org/defu/-/defu-6.1.4.tgz",
			"integrity": "sha512-mEQCMmwJu317oSz8CwdIOdwf3xMif1ttiM8LTufzc3g6kR+9Pe236twL8j3IYT1F7GfRgGcW6MWxzZjLIkuHIg==",
			"dev": true
		},
		"node_modules/denque": {
			"version": "2.1.0",
			"resolved": "https://registry.npmjs.org/denque/-/denque-2.1.0.tgz",
			"integrity": "sha512-HVQE3AAb/pxF8fQAoiqpvg9i3evqug3hoiwakOyZAwJm+6vZehbkYXZ0l4JxS+I3QxM97v5aaRNhj8v5oBhekw==",
			"dev": true,
			"engines": {
				"node": ">=0.10"
			}
		},
		"node_modules/diff": {
			"version": "8.0.3",
			"resolved": "https://registry.npmjs.org/diff/-/diff-8.0.3.tgz",
			"integrity": "sha512-qejHi7bcSD4hQAZE0tNAawRK1ZtafHDmMTMkrrIGgSLl7hTnQHmKCeB45xAcbfTqK2zowkM3j3bHt/4b/ARbYQ==",
			"dev": true,
			"engines": {
				"node": ">=0.3.1"
			}
		},
		"node_modules/dotenv": {
			"version": "17.3.1",
			"resolved": "https://registry.npmjs.org/dotenv/-/dotenv-17.3.1.tgz",
			"integrity": "sha512-IO8C/dzEb6O3F9/twg6ZLXz164a2fhTnEWb95H23Dm4OuN+92NmEAlTrupP9VW6Jm3sO26tQlqyvyi4CsnY9GA==",
			"dev": true,
			"engines": {
				"node": ">=12"
			},
			"funding": {
				"url": "https://dotenvx.com"
			}
		},
		"node_modules/dotenv-cli": {
			"version": "11.0.0",
			"resolved": "https://registry.npmjs.org/dotenv-cli/-/dotenv-cli-11.0.0.tgz",
			"integrity": "sha512-r5pA8idbk7GFWuHEU7trSTflWcdBpQEK+Aw17UrSHjS6CReuhrrPcyC3zcQBPQvhArRHnBo/h6eLH1fkCvNlww==",
			"dev": true,
			"dependencies": {
				"cross-spawn": "^7.0.6",
				"dotenv": "^17.1.0",
				"dotenv-expand": "^12.0.0",
				"minimist": "^1.2.6"
			},
			"bin": {
				"dotenv": "cli.js"
			}
		},
		"node_modules/dotenv-expand": {
			"version": "12.0.3",
			"resolved": "https://registry.npmjs.org/dotenv-expand/-/dotenv-expand-12.0.3.tgz",
			"integrity": "sha512-uc47g4b+4k/M/SeaW1y4OApx+mtLWl92l5LMPP0GNXctZqELk+YGgOPIIC5elYmUH4OuoK3JLhuRUYegeySiFA==",
			"dev": true,
			"dependencies": {
				"dotenv": "^16.4.5"
			},
			"engines": {
				"node": ">=12"
			},
			"funding": {
				"url": "https://dotenvx.com"
			}
		},
		"node_modules/dotenv-expand/node_modules/dotenv": {
			"version": "16.6.1",
			"resolved": "https://registry.npmjs.org/dotenv/-/dotenv-16.6.1.tgz",
			"integrity": "sha512-uBq4egWHTcTt33a72vpSG0z3HnPuIl6NqYcTrKEg2azoEyl2hpW0zqlxysq2pK9HlDIHyHyakeYaYnSAwd8bow==",
			"dev": true,
			"engines": {
				"node": ">=12"
			},
			"funding": {
				"url": "https://dotenvx.com"
			}
		},
		"node_modules/dts-resolver": {
			"version": "2.1.3",
			"resolved": "https://registry.npmjs.org/dts-resolver/-/dts-resolver-2.1.3.tgz",
			"integrity": "sha512-bihc7jPC90VrosXNzK0LTE2cuLP6jr0Ro8jk+kMugHReJVLIpHz/xadeq3MhuwyO4TD4OA3L1Q8pBBFRc08Tsw==",
			"dev": true,
			"engines": {
				"node": ">=20.19.0"
			},
			"funding": {
				"url": "https://github.com/sponsors/sxzz"
			},
			"peerDependencies": {
				"oxc-resolver": ">=11.0.0"
			},
			"peerDependenciesMeta": {
				"oxc-resolver": {
					"optional": true
				}
			}
		},
		"node_modules/empathic": {
			"version": "2.0.0",
			"resolved": "https://registry.npmjs.org/empathic/-/empathic-2.0.0.tgz",
			"integrity": "sha512-i6UzDscO/XfAcNYD75CfICkmfLedpyPDdozrLMmQc5ORaQcdMoc21OnlEylMIqI7U8eniKrPMxxtj8k0vhmJhA==",
			"dev": true,
			"engines": {
				"node": ">=14"
			}
		},
		"node_modules/fdir": {
			"version": "6.5.0",
			"resolved": "https://registry.npmjs.org/fdir/-/fdir-6.5.0.tgz",
			"integrity": "sha512-tIbYtZbucOs0BRGqPJkshJUYdL+SDH7dVM8gjy+ERp3WAUjLEFJE+02kanyHtwjWOnwrKYBiwAmM0p4kLJAnXg==",
			"dev": true,
			"engines": {
				"node": ">=12.0.0"
			},
			"peerDependencies": {
				"picomatch": "^3 || ^4"
			},
			"peerDependenciesMeta": {
				"picomatch": {
					"optional": true
				}
			}
		},
		"node_modules/generate-function": {
			"version": "2.3.1",
			"resolved": "https://registry.npmjs.org/generate-function/-/generate-function-2.3.1.tgz",
			"integrity": "sha512-eeB5GfMNeevm/GRYq20ShmsaGcmI81kIX2K9XQx5miC8KdHaC6Jm0qQ8ZNeGOi7wYB8OsdxKs+Y2oVuTFuVwKQ==",
			"dev": true,
			"dependencies": {
				"is-property": "^1.0.2"
			}
		},
		"node_modules/get-tsconfig": {
			"version": "4.13.6",
			"resolved": "https://registry.npmjs.org/get-tsconfig/-/get-tsconfig-4.13.6.tgz",
			"integrity": "sha512-shZT/QMiSHc/YBLxxOkMtgSid5HFoauqCE3/exfsEcwg1WkeqjG+V40yBbBrsD+jW2HDXcs28xOfcbm2jI8Ddw==",
			"dev": true,
			"dependencies": {
				"resolve-pkg-maps": "^1.0.0"
			},
			"funding": {
				"url": "https://github.com/privatenumber/get-tsconfig?sponsor=1"
			}
		},
		"node_modules/hookable": {
			"version": "5.5.3",
			"resolved": "https://registry.npmjs.org/hookable/-/hookable-5.5.3.tgz",
			"integrity": "sha512-Yc+BQe8SvoXH1643Qez1zqLRmbA5rCL+sSmk6TVos0LWVfNIB7PGncdlId77WzLGSIB5KaWgTaNTs2lNVEI6VQ==",
			"dev": true
		},
		"node_modules/iconv-lite": {
			"version": "0.7.2",
			"resolved": "https://registry.npmjs.org/iconv-lite/-/iconv-lite-0.7.2.tgz",
			"integrity": "sha512-im9DjEDQ55s9fL4EYzOAv0yMqmMBSZp6G0VvFyTMPKWxiSBHUj9NW/qqLmXUwXrrM7AvqSlTCfvqRb0cM8yYqw==",
			"dev": true,
			"dependencies": {
				"safer-buffer": ">= 2.1.2 < 3.0.0"
			},
			"engines": {
				"node": ">=0.10.0"
			},
			"funding": {
				"type": "opencollective",
				"url": "https://opencollective.com/express"
			}
		},
		"node_modules/is-property": {
			"version": "1.0.2",
			"resolved": "https://registry.npmjs.org/is-property/-/is-property-1.0.2.tgz",
			"integrity": "sha512-Ks/IoX00TtClbGQr4TWXemAnktAQvYB7HzcCxDGqEZU6oCmb2INHuOoKxbtR+HFkmYWBKv/dOZtGRiAjDhj92g==",
			"dev": true
		},
		"node_modules/isexe": {
			"version": "2.0.0",
			"resolved": "https://registry.npmjs.org/isexe/-/isexe-2.0.0.tgz",
			"integrity": "sha512-RHxMLp9lnKHGHRng9QFhRCMbYAcVpn69smSGcq3f36xjgVVWThj4qqLbTLlq7Ssj8B+fIQ1EuCEGI2lKsyQeIw==",
			"dev": true
		},
		"node_modules/jiti": {
			"version": "2.6.1",
			"resolved": "https://registry.npmjs.org/jiti/-/jiti-2.6.1.tgz",
			"integrity": "sha512-ekilCSN1jwRvIbgeg/57YFh8qQDNbwDb9xT/qu2DAHbFFZUicIl4ygVaAvzveMhMVr3LnpSKTNnwt8PoOfmKhQ==",
			"dev": true,
			"bin": {
				"jiti": "lib/jiti-cli.mjs"
			}
		},
		"node_modules/jsesc": {
			"version": "3.1.0",
			"resolved": "https://registry.npmjs.org/jsesc/-/jsesc-3.1.0.tgz",
			"integrity": "sha512-/sM3dO2FOzXjKQhJuo0Q173wf2KOo8t4I8vHy6lF9poUp7bKT0/NHE8fPX23PwfhnykfqnC2xRxOnVw5XuGIaA==",
			"dev": true,
			"bin": {
				"jsesc": "bin/jsesc"
			},
			"engines": {
				"node": ">=6"
			}
		},
		"node_modules/long": {
			"version": "5.3.2",
			"resolved": "https://registry.npmjs.org/long/-/long-5.3.2.tgz",
			"integrity": "sha512-mNAgZ1GmyNhD7AuqnTG3/VQ26o760+ZYBPKjPvugO8+nLbYfX6TVpJPseBvopbdY+qpZ/lKUnmEc1LeZYS3QAA==",
			"dev": true
		},
		"node_modules/lru.min": {
			"version": "1.1.4",
			"resolved": "https://registry.npmjs.org/lru.min/-/lru.min-1.1.4.tgz",
			"integrity": "sha512-DqC6n3QQ77zdFpCMASA1a3Jlb64Hv2N2DciFGkO/4L9+q/IpIAuRlKOvCXabtRW6cQf8usbmM6BE/TOPysCdIA==",
			"dev": true,
			"engines": {
				"bun": ">=1.0.0",
				"deno": ">=1.30.0",
				"node": ">=8.0.0"
			},
			"funding": {
				"type": "github",
				"url": "https://github.com/sponsors/wellwelwel"
			}
		},
		"node_modules/magic-string": {
			"version": "0.30.21",
			"resolved": "https://registry.npmjs.org/magic-string/-/magic-string-0.30.21.tgz",
			"integrity": "sha512-vd2F4YUyEXKGcLHoq+TEyCjxueSeHnFxyyjNp80yg0XV4vUhnDer/lvvlqM/arB5bXQN5K2/3oinyCRyx8T2CQ==",
			"dev": true,
			"dependencies": {
				"@jridgewell/sourcemap-codec": "^1.5.5"
			}
		},
		"node_modules/minimist": {
			"version": "1.2.8",
			"resolved": "https://registry.npmjs.org/minimist/-/minimist-1.2.8.tgz",
			"integrity": "sha512-2yyAR8qBkN3YuheJanUpWC5U3bb5osDywNB8RzDVlDwDHbocAJveqqj1u8+SVD7jkWT4yvsHCpWqqWqAxb0zCA==",
			"dev": true,
			"funding": {
				"url": "https://github.com/sponsors/ljharb"
			}
		},
		"node_modules/ms": {
			"version": "2.1.3",
			"resolved": "https://registry.npmjs.org/ms/-/ms-2.1.3.tgz",
			"integrity": "sha512-6FlzubTLZG3J2a/NVCAleEhjzq5oxgHyaCU9yYXvcLsvoVaHJq/s5xXI6/XXP6tz7R9xAOtHnSO/tXtF3WRTlA==",
			"dev": true
		},
		"node_modules/mysql2": {
			"version": "3.17.4",
			"resolved": "https://registry.npmjs.org/mysql2/-/mysql2-3.17.4.tgz",
			"integrity": "sha512-RnfuK5tyIuaiPMWOCTTl4vQX/mQXqSA8eoIbwvWccadvPGvh+BYWWVecInMS5s7wcLUkze8LqJzwB/+A4uwuAA==",
			"dev": true,
			"dependencies": {
				"aws-ssl-profiles": "^1.1.2",
				"denque": "^2.1.0",
				"generate-function": "^2.3.1",
				"iconv-lite": "^0.7.2",
				"long": "^5.3.2",
				"lru.min": "^1.1.4",
				"named-placeholders": "^1.1.6",
				"sql-escaper": "^1.3.3"
			},
			"engines": {
				"node": ">= 8.0"
			}
		},
		"node_modules/named-placeholders": {
			"version": "1.1.6",
			"resolved": "https://registry.npmjs.org/named-placeholders/-/named-placeholders-1.1.6.tgz",
			"integrity": "sha512-Tz09sEL2EEuv5fFowm419c1+a/jSMiBjI9gHxVLrVdbUkkNUUfjsVYs9pVZu5oCon/kmRh9TfLEObFtkVxmY0w==",
			"dev": true,
			"dependencies": {
				"lru.min": "^1.1.0"
			},
			"engines": {
				"node": ">=8.0.0"
			}
		},
		"node_modules/obug": {
			"version": "2.1.1",
			"resolved": "https://registry.npmjs.org/obug/-/obug-2.1.1.tgz",
			"integrity": "sha512-uTqF9MuPraAQ+IsnPf366RG4cP9RtUi7MLO1N3KEc+wb0a6yKpeL0lmk2IB1jY5KHPAlTc6T/JRdC/YqxHNwkQ==",
			"dev": true,
			"funding": [
				"https://github.com/sponsors/sxzz",
				"https://opencollective.com/debug"
			]
		},
		"node_modules/path-key": {
			"version": "3.1.1",
			"resolved": "https://registry.npmjs.org/path-key/-/path-key-3.1.1.tgz",
			"integrity": "sha512-ojmeN0qd+y0jszEtoY48r0Peq5dwMEkIlCOu6Q5f41lfkswXuKtYrhgoTpLnyIcHm24Uhqx+5Tqm2InSwLhE6Q==",
			"dev": true,
			"engines": {
				"node": ">=8"
			}
		},
		"node_modules/pathe": {
			"version": "2.0.3",
			"resolved": "https://registry.npmjs.org/pathe/-/pathe-2.0.3.tgz",
			"integrity": "sha512-WUjGcAqP1gQacoQe+OBJsFA7Ld4DyXuUIjZ5cc75cLHvJ7dtNsTugphxIADwspS+AraAUePCKrSVtPLFj/F88w==",
			"dev": true
		},
		"node_modules/picocolors": {
			"version": "1.1.1",
			"resolved": "https://registry.npmjs.org/picocolors/-/picocolors-1.1.1.tgz",
			"integrity": "sha512-xceH2snhtb5M9liqDsmEw56le376mTZkEX/jEb/RxNFyegNul7eNslCXP9FDj/Lcu0X8KEyMceP2ntpaHrDEVA==",
			"dev": true
		},
		"node_modules/picomatch": {
			"version": "4.0.3",
			"resolved": "https://registry.npmjs.org/picomatch/-/picomatch-4.0.3.tgz",
			"integrity": "sha512-5gTmgEY/sqK6gFXLIsQNH19lWb4ebPDLA4SdLP7dsWkIXHWlG66oPuVvXSGFPppYZz8ZDZq0dYYrbHfBCVUb1Q==",
			"dev": true,
			"engines": {
				"node": ">=12"
			},
			"funding": {
				"url": "https://github.com/sponsors/jonschlinkert"
			}
		},
		"node_modules/quansync": {
			"version": "1.0.0",
			"resolved": "https://registry.npmjs.org/quansync/-/quansync-1.0.0.tgz",
			"integrity": "sha512-5xZacEEufv3HSTPQuchrvV6soaiACMFnq1H8wkVioctoH3TRha9Sz66lOxRwPK/qZj7HPiSveih9yAyh98gvqA==",
			"dev": true,
			"funding": [
				{
					"type": "individual",
					"url": "https://github.com/sponsors/antfu"
				},
				{
					"type": "individual",
					"url": "https://github.com/sponsors/sxzz"
				}
			]
		},
		"node_modules/readdirp": {
			"version": "4.1.2",
			"resolved": "https://registry.npmjs.org/readdirp/-/readdirp-4.1.2.tgz",
			"integrity": "sha512-GDhwkLfywWL2s6vEjyhri+eXmfH6j1L7JE27WhqLeYzoh/A3DBaYGEj2H/HFZCn/kMfim73FXxEJTw06WtxQwg==",
			"dev": true,
			"engines": {
				"node": ">= 14.18.0"
			},
			"funding": {
				"type": "individual",
				"url": "https://paulmillr.com/funding/"
			}
		},
		"node_modules/resolve-pkg-maps": {
			"version": "1.0.0",
			"resolved": "https://registry.npmjs.org/resolve-pkg-maps/-/resolve-pkg-maps-1.0.0.tgz",
			"integrity": "sha512-seS2Tj26TBVOC2NIc2rOe2y2ZO7efxITtLZcGSOnHHNOQ7CkiUBfw0Iw2ck6xkIhPwLhKNLS8BO+hEpngQlqzw==",
			"dev": true,
			"funding": {
				"url": "https://github.com/privatenumber/resolve-pkg-maps?sponsor=1"
			}
		},
		"node_modules/rolldown": {
			"version": "1.0.0-beta.45",
			"resolved": "https://registry.npmjs.org/rolldown/-/rolldown-1.0.0-beta.45.tgz",
			"integrity": "sha512-iMmuD72XXLf26Tqrv1cryNYLX6NNPLhZ3AmNkSf8+xda0H+yijjGJ+wVT9UdBUHOpKzq9RjKtQKRCWoEKQQBZQ==",
			"dev": true,
			"dependencies": {
				"@oxc-project/types": "=0.95.0",
				"@rolldown/pluginutils": "1.0.0-beta.45"
			},
			"bin": {
				"rolldown": "bin/cli.mjs"
			},
			"engines": {
				"node": "^20.19.0 || >=22.12.0"
			},
			"optionalDependencies": {
				"@rolldown/binding-android-arm64": "1.0.0-beta.45",
				"@rolldown/binding-darwin-arm64": "1.0.0-beta.45",
				"@rolldown/binding-darwin-x64": "1.0.0-beta.45",
				"@rolldown/binding-freebsd-x64": "1.0.0-beta.45",
				"@rolldown/binding-linux-arm-gnueabihf": "1.0.0-beta.45",
				"@rolldown/binding-linux-arm64-gnu": "1.0.0-beta.45",
				"@rolldown/binding-linux-arm64-musl": "1.0.0-beta.45",
				"@rolldown/binding-linux-x64-gnu": "1.0.0-beta.45",
				"@rolldown/binding-linux-x64-musl": "1.0.0-beta.45",
				"@rolldown/binding-openharmony-arm64": "1.0.0-beta.45",
				"@rolldown/binding-wasm32-wasi": "1.0.0-beta.45",
				"@rolldown/binding-win32-arm64-msvc": "1.0.0-beta.45",
				"@rolldown/binding-win32-ia32-msvc": "1.0.0-beta.45",
				"@rolldown/binding-win32-x64-msvc": "1.0.0-beta.45"
			}
		},
		"node_modules/rolldown-plugin-dts": {
			"version": "0.17.8",
			"resolved": "https://registry.npmjs.org/rolldown-plugin-dts/-/rolldown-plugin-dts-0.17.8.tgz",
			"integrity": "sha512-76EEBlhF00yeY6M7VpMkWKI4r9WjuoMiOGey7j4D6zf3m0BR+ZrrY9hvSXdueJ3ljxSLq4DJBKFpX/X9+L7EKw==",
			"dev": true,
			"dependencies": {
				"@babel/generator": "^7.28.5",
				"@babel/parser": "^7.28.5",
				"@babel/types": "^7.28.5",
				"ast-kit": "^2.2.0",
				"birpc": "^2.8.0",
				"dts-resolver": "^2.1.3",
				"get-tsconfig": "^4.13.0",
				"magic-string": "^0.30.21",
				"obug": "^2.0.0"
			},
			"engines": {
				"node": ">=20.19.0"
			},
			"funding": {
				"url": "https://github.com/sponsors/sxzz"
			},
			"peerDependencies": {
				"@ts-macro/tsc": "^0.3.6",
				"@typescript/native-preview": ">=7.0.0-dev.20250601.1",
				"rolldown": "^1.0.0-beta.44",
				"typescript": "^5.0.0",
				"vue-tsc": "~3.1.0"
			},
			"peerDependenciesMeta": {
				"@ts-macro/tsc": {
					"optional": true
				},
				"@typescript/native-preview": {
					"optional": true
				},
				"typescript": {
					"optional": true
				},
				"vue-tsc": {
					"optional": true
				}
			}
		},
		"node_modules/safer-buffer": {
			"version": "2.1.2",
			"resolved": "https://registry.npmjs.org/safer-buffer/-/safer-buffer-2.1.2.tgz",
			"integrity": "sha512-YZo3K82SD7Riyi0E1EQPojLz7kpepnSQI9IyPbHHg1XXXevb5dJI7tpyN2ADxGcQbHG7vcyRHk0cbwqcQriUtg==",
			"dev": true
		},
		"node_modules/semver": {
			"version": "7.7.4",
			"resolved": "https://registry.npmjs.org/semver/-/semver-7.7.4.tgz",
			"integrity": "sha512-vFKC2IEtQnVhpT78h1Yp8wzwrf8CM+MzKMHGJZfBtzhZNycRFnXsHk6E5TxIkkMsgNS7mdX3AGB7x2QM2di4lA==",
			"dev": true,
			"bin": {
				"semver": "bin/semver.js"
			},
			"engines": {
				"node": ">=10"
			}
		},
		"node_modules/shebang-command": {
			"version": "2.0.0",
			"resolved": "https://registry.npmjs.org/shebang-command/-/shebang-command-2.0.0.tgz",
			"integrity": "sha512-kHxr2zZpYtdmrN1qDjrrX/Z1rR1kG8Dx+gkpK1G4eXmvXswmcE1hTWBWYUzlraYw1/yZp6YuDY77YtvbN0dmDA==",
			"dev": true,
			"dependencies": {
				"shebang-regex": "^3.0.0"
			},
			"engines": {
				"node": ">=8"
			}
		},
		"node_modules/shebang-regex": {
			"version": "3.0.0",
			"resolved": "https://registry.npmjs.org/shebang-regex/-/shebang-regex-3.0.0.tgz",
			"integrity": "sha512-7++dFhtcx3353uBaq8DDR4NuxBetBzC7ZQOhmTQInHEd6bSrXdiEyzCvG07Z44UYdLShWUyXt5M/yhz8ekcb1A==",
			"dev": true,
			"engines": {
				"node": ">=8"
			}
		},
		"node_modules/sisteransi": {
			"version": "1.0.5",
			"resolved": "https://registry.npmjs.org/sisteransi/-/sisteransi-1.0.5.tgz",
			"integrity": "sha512-bLGGlR1QxBcynn2d5YmDX4MGjlZvy2MRBDRNHLJ8VI6l6+9FUiyTFNJ0IveOSP0bcXgVDPRcfGqA0pjaqUpfVg==",
			"dev": true
		},
		"node_modules/sql-escaper": {
			"version": "1.3.3",
			"resolved": "https://registry.npmjs.org/sql-escaper/-/sql-escaper-1.3.3.tgz",
			"integrity": "sha512-BsTCV265VpTp8tm1wyIm1xqQCS+Q9NHx2Sr+WcnUrgLrQ6yiDIvHYJV5gHxsj1lMBy2zm5twLaZao8Jd+S8JJw==",
			"dev": true,
			"engines": {
				"bun": ">=1.0.0",
				"deno": ">=2.0.0",
				"node": ">=12.0.0"
			},
			"funding": {
				"type": "github",
				"url": "https://github.com/mysqljs/sql-escaper?sponsor=1"
			}
		},
		"node_modules/tinyexec": {
			"version": "1.0.2",
			"resolved": "https://registry.npmjs.org/tinyexec/-/tinyexec-1.0.2.tgz",
			"integrity": "sha512-W/KYk+NFhkmsYpuHq5JykngiOCnxeVL8v8dFnqxSD8qEEdRfXk1SDM6JzNqcERbcGYj9tMrDQBYV9cjgnunFIg==",
			"dev": true,
			"engines": {
				"node": ">=18"
			}
		},
		"node_modules/tinyglobby": {
			"version": "0.2.15",
			"resolved": "https://registry.npmjs.org/tinyglobby/-/tinyglobby-0.2.15.tgz",
			"integrity": "sha512-j2Zq4NyQYG5XMST4cbs02Ak8iJUdxRM0XI5QyxXuZOzKOINmWurp3smXu3y5wDcJrptwpSjgXHzIQxR0omXljQ==",
			"dev": true,
			"dependencies": {
				"fdir": "^6.5.0",
				"picomatch": "^4.0.3"
			},
			"engines": {
				"node": ">=12.0.0"
			},
			"funding": {
				"url": "https://github.com/sponsors/SuperchupuDev"
			}
		},
		"node_modules/tree-kill": {
			"version": "1.2.2",
			"resolved": "https://registry.npmjs.org/tree-kill/-/tree-kill-1.2.2.tgz",
			"integrity": "sha512-L0Orpi8qGpRG//Nd+H90vFB+3iHnue1zSSGmNOOCh1GLJ7rUKVwV2HvijphGQS2UmhUZewS9VgvxYIdgr+fG1A==",
			"dev": true,
			"bin": {
				"tree-kill": "cli.js"
			}
		},
		"node_modules/tsdown": {
			"version": "0.15.12",
			"resolved": "https://registry.npmjs.org/tsdown/-/tsdown-0.15.12.tgz",
			"integrity": "sha512-c8VLlQm8/lFrOAg5VMVeN4NAbejZyVQkzd+ErjuaQgJFI/9MhR9ivr0H/CM7UlOF1+ELlF6YaI7sU/4itgGQ8w==",
			"dev": true,
			"dependencies": {
				"ansis": "^4.2.0",
				"cac": "^6.7.14",
				"chokidar": "^4.0.3",
				"debug": "^4.4.3",
				"diff": "^8.0.2",
				"empathic": "^2.0.0",
				"hookable": "^5.5.3",
				"rolldown": "1.0.0-beta.45",
				"rolldown-plugin-dts": "^0.17.2",
				"semver": "^7.7.3",
				"tinyexec": "^1.0.1",
				"tinyglobby": "^0.2.15",
				"tree-kill": "^1.2.2",
				"unconfig": "^7.3.3"
			},
			"bin": {
				"tsdown": "dist/run.mjs"
			},
			"engines": {
				"node": ">=20.19.0"
			},
			"funding": {
				"url": "https://github.com/sponsors/sxzz"
			},
			"peerDependencies": {
				"@arethetypeswrong/core": "^0.18.1",
				"publint": "^0.3.0",
				"typescript": "^5.0.0",
				"unplugin-lightningcss": "^0.4.0",
				"unplugin-unused": "^0.5.0",
				"unrun": "^0.2.1"
			},
			"peerDependenciesMeta": {
				"@arethetypeswrong/core": {
					"optional": true
				},
				"publint": {
					"optional": true
				},
				"typescript": {
					"optional": true
				},
				"unplugin-lightningcss": {
					"optional": true
				},
				"unplugin-unused": {
					"optional": true
				},
				"unrun": {
					"optional": true
				}
			}
		},
		"node_modules/tslib": {
			"version": "2.8.1",
			"resolved": "https://registry.npmjs.org/tslib/-/tslib-2.8.1.tgz",
			"integrity": "sha512-oJFu94HQb+KVduSUQL7wnpmqnfmLsOA/nAh6b6EH0wCEoK0/mPeXU6c3wKDV83MkOuHPRHtSXKKU99IBazS/2w==",
			"dev": true,
			"optional": true
		},
		"node_modules/turbo": {
			"version": "2.8.10",
			"resolved": "https://registry.npmjs.org/turbo/-/turbo-2.8.10.tgz",
			"integrity": "sha512-OxbzDES66+x7nnKGg2MwBA1ypVsZoDTLHpeaP4giyiHSixbsiTaMyeJqbEyvBdp5Cm28fc+8GG6RdQtic0ijwQ==",
			"dev": true,
			"bin": {
				"turbo": "bin/turbo"
			},
			"optionalDependencies": {
				"turbo-darwin-64": "2.8.10",
				"turbo-darwin-arm64": "2.8.10",
				"turbo-linux-64": "2.8.10",
				"turbo-linux-arm64": "2.8.10",
				"turbo-windows-64": "2.8.10",
				"turbo-windows-arm64": "2.8.10"
			}
		},
		"node_modules/turbo-darwin-64": {
			"version": "2.8.10",
			"resolved": "https://registry.npmjs.org/turbo-darwin-64/-/turbo-darwin-64-2.8.10.tgz",
			"integrity": "sha512-A03fXh+B7S8mL3PbdhTd+0UsaGrhfyPkODvzBDpKRY7bbeac4MDFpJ7I+Slf2oSkCEeSvHKR7Z4U71uKRUfX7g==",
			"cpu": [
				"x64"
			],
			"dev": true,
			"optional": true,
			"os": [
				"darwin"
			]
		},
		"node_modules/turbo-darwin-arm64": {
			"version": "2.8.10",
			"resolved": "https://registry.npmjs.org/turbo-darwin-arm64/-/turbo-darwin-arm64-2.8.10.tgz",
			"integrity": "sha512-sidzowgWL3s5xCHLeqwC9M3s9M0i16W1nuQF3Mc7fPHpZ+YPohvcbVFBB2uoRRHYZg6yBnwD4gyUHKTeXfwtXA==",
			"cpu": [
				"arm64"
			],
			"dev": true,
			"optional": true,
			"os": [
				"darwin"
			]
		},
		"node_modules/turbo-linux-64": {
			"version": "2.8.10",
			"resolved": "https://registry.npmjs.org/turbo-linux-64/-/turbo-linux-64-2.8.10.tgz",
			"integrity": "sha512-YK9vcpL3TVtqonB021XwgaQhY9hJJbKKUhLv16osxV0HkcQASQWUqR56yMge7puh6nxU67rQlTq1b7ksR1T3KA==",
			"cpu": [
				"x64"
			],
			"dev": true,
			"optional": true,
			"os": [
				"linux"
			]
		},
		"node_modules/turbo-linux-arm64": {
			"version": "2.8.10",
			"resolved": "https://registry.npmjs.org/turbo-linux-arm64/-/turbo-linux-arm64-2.8.10.tgz",
			"integrity": "sha512-3+j2tL0sG95iBJTm+6J8/45JsETQABPqtFyYjVjBbi6eVGdtNTiBmHNKrbvXRlQ3ZbUG75bKLaSSDHSEEN+btQ==",
			"cpu": [
				"arm64"
			],
			"dev": true,
			"optional": true,
			"os": [
				"linux"
			]
		},
		"node_modules/turbo-windows-64": {
			"version": "2.8.10",
			"resolved": "https://registry.npmjs.org/turbo-windows-64/-/turbo-windows-64-2.8.10.tgz",
			"integrity": "sha512-hdeF5qmVY/NFgiucf8FW0CWJWtyT2QPm5mIsX0W1DXAVzqKVXGq+Zf+dg4EUngAFKjDzoBeN6ec2Fhajwfztkw==",
			"cpu": [
				"x64"
			],
			"dev": true,
			"optional": true,
			"os": [
				"win32"
			]
		},
		"node_modules/turbo-windows-arm64": {
			"version": "2.8.10",
			"resolved": "https://registry.npmjs.org/turbo-windows-arm64/-/turbo-windows-arm64-2.8.10.tgz",
			"integrity": "sha512-QGdr/Q8LWmj+ITMkSvfiz2glf0d7JG0oXVzGL3jxkGqiBI1zXFj20oqVY0qWi+112LO9SVrYdpHS0E/oGFrMbQ==",
			"cpu": [
				"arm64"
			],
			"dev": true,
			"optional": true,
			"os": [
				"win32"
			]
		},
		"node_modules/typescript": {
			"version": "5.9.3",
			"resolved": "https://registry.npmjs.org/typescript/-/typescript-5.9.3.tgz",
			"integrity": "sha512-jl1vZzPDinLr9eUt3J/t7V6FgNEw9QjvBPdysz9KfQDD41fQrC2Y4vKQdiaUpFT4bXlb1RHhLpp8wtm6M5TgSw==",
			"dev": true,
			"bin": {
				"tsc": "bin/tsc",
				"tsserver": "bin/tsserver"
			},
			"engines": {
				"node": ">=14.17"
			}
		},
		"node_modules/unconfig": {
			"version": "7.5.0",
			"resolved": "https://registry.npmjs.org/unconfig/-/unconfig-7.5.0.tgz",
			"integrity": "sha512-oi8Qy2JV4D3UQ0PsopR28CzdQ3S/5A1zwsUwp/rosSbfhJ5z7b90bIyTwi/F7hCLD4SGcZVjDzd4XoUQcEanvA==",
			"dev": true,
			"dependencies": {
				"@quansync/fs": "^1.0.0",
				"defu": "^6.1.4",
				"jiti": "^2.6.1",
				"quansync": "^1.0.0",
				"unconfig-core": "7.5.0"
			},
			"funding": {
				"url": "https://github.com/sponsors/antfu"
			}
		},
		"node_modules/unconfig-core": {
			"version": "7.5.0",
			"resolved": "https://registry.npmjs.org/unconfig-core/-/unconfig-core-7.5.0.tgz",
			"integrity": "sha512-Su3FauozOGP44ZmKdHy2oE6LPjk51M/TRRjHv2HNCWiDvfvCoxC2lno6jevMA91MYAdCdwP05QnWdWpSbncX/w==",
			"dev": true,
			"dependencies": {
				"@quansync/fs": "^1.0.0",
				"quansync": "^1.0.0"
			},
			"funding": {
				"url": "https://github.com/sponsors/antfu"
			}
		},
		"node_modules/which": {
			"version": "2.0.2",
			"resolved": "https://registry.npmjs.org/which/-/which-2.0.2.tgz",
			"integrity": "sha512-BLI3Tl1TW3Pvl70l3yq3Y64i+awpwXqsGBYWkkqMtnbXgrMD+yj7rhW0kuEDxzJaYXGjEW5ogapKNMEKNMjibA==",
			"dev": true,
			"dependencies": {
				"isexe": "^2.0.0"
			},
			"bin": {
				"node-which": "bin/node-which"
			},
			"engines": {
				"node": ">= 8"
			}
		}
	}
}
