{
  "lockfileVersion": 1,
  "configVersion": 1,
  "workspaces": {
    "": {
      "name": "@cap/media-server",
      "dependencies": {
        "@mediabunny/server": "^1.45.2",
        "hono": "^4.12.12",
        "mediabunny": "^1.45.2",
        "node-av": "^5.2.4",
        "zod": "^3.24.2",
      },
      "devDependencies": {
        "@types/bun": "latest",
      },
    },
  },
  "trustedDependencies": [
    "node-av",
  ],
  "packages": {
    "@babel/runtime": ["@babel/runtime@7.29.2", "", {}, "sha512-JiDShH45zKHWyGe4ZNVRrCjBz8Nh9TMmZG1kh4QTK8hCBTWBi8Da+i7s1fJw7/lYpM4ccepSNfqzZ/QvABBi5g=="],

    "@fidm/asn1": ["@fidm/asn1@1.0.4", "", {}, "sha512-esd1jyNvRb2HVaQGq2Gg8Z0kbQPXzV9Tq5Z14KNIov6KfFD6PTaRIO8UpcsYiTNzOqJpmyzWgVTrUwFV3UF4TQ=="],

    "@fidm/x509": ["@fidm/x509@1.2.1", "", { "dependencies": { "@fidm/asn1": "^1.0.4", "tweetnacl": "^1.0.1" } }, "sha512-nwc2iesjyc9hkuzcrMCBXQRn653XuAUKorfWM8PZyJawiy1QzLj4vahwzaI25+pfpwOLvMzbJ0uKpWLDNmo16w=="],

    "@leichtgewicht/ip-codec": ["@leichtgewicht/ip-codec@2.0.5", "", {}, "sha512-Vo+PSpZG2/fmgmiNzYK9qWRh8h/CHrwD0mo1h1DzL4yzHNSfWYujGTYsWGreD000gcgmZ7K4Ys6Tx9TxtsKdDw=="],

    "@mediabunny/server": ["@mediabunny/server@1.45.2", "", { "dependencies": { "node-av": "^5.2.4" }, "peerDependencies": { "mediabunny": "^1.45.0" } }, "sha512-ut2glM8gwHg0vKqQMgxiumV9LfGjo1ZZBe2kUYKeMHntjINniVb0PkMC8iZH8lbMrq4pepe5VKBB8DE5Lfcgdg=="],

    "@minhducsun2002/leb128": ["@minhducsun2002/leb128@1.0.0", "", {}, "sha512-eFrYUPDVHeuwWHluTG1kwNQUEUcFjVKYwPkU8z9DR1JH3AW7JtJsG9cRVGmwz809kKtGfwGJj58juCZxEvnI/g=="],

    "@noble/curves": ["@noble/curves@1.9.7", "", { "dependencies": { "@noble/hashes": "1.8.0" } }, "sha512-gbKGcRUYIjA3/zCCNaWDciTMFI0dCkvou3TL8Zmy5Nc7sJ47a0jtOeZoTaMxkuqRo9cRhjOdZJXegxYE5FN/xw=="],

    "@noble/hashes": ["@noble/hashes@1.8.0", "", {}, "sha512-jCs9ldd7NwzpgXDIf6P3+NrHh9/sD6CQdxHyjQI+h/6rDNo88ypBxxz45UDuZHz9r3tNz7N/VInSVoVdtXEI4A=="],

    "@peculiar/asn1-cms": ["@peculiar/asn1-cms@2.7.0", "", { "dependencies": { "@peculiar/asn1-schema": "^2.7.0", "@peculiar/asn1-x509": "^2.7.0", "@peculiar/asn1-x509-attr": "^2.7.0", "asn1js": "^3.0.6", "tslib": "^2.8.1" } }, "sha512-hew63shtzzvBcSHbhm+cyAmKe6AIfinT9hzEqSPjDC6opTTMKmTkQ0gHuN2KsWlvqiKw1S/fS94fhag/FJkioQ=="],

    "@peculiar/asn1-csr": ["@peculiar/asn1-csr@2.7.0", "", { "dependencies": { "@peculiar/asn1-schema": "^2.7.0", "@peculiar/asn1-x509": "^2.7.0", "asn1js": "^3.0.6", "tslib": "^2.8.1" } }, "sha512-VVsAyGqErT9D1SY4aEqozThXMVI+ssVRiv2DDeYuvpBKLIgZ3hYs3Ay3u/VSoKq6ESFi9cf6rf3IOOzfwh7oMA=="],

    "@peculiar/asn1-ecc": ["@peculiar/asn1-ecc@2.7.0", "", { "dependencies": { "@peculiar/asn1-schema": "^2.7.0", "@peculiar/asn1-x509": "^2.7.0", "asn1js": "^3.0.6", "tslib": "^2.8.1" } }, "sha512-n7KEs/Q/wrB415cxy4fHOBhegp4NdJ15fkJPwcB/3/8iNBQC2L/N7SChJPKDJPZGYH0jD4Tg4/0vnHmwghnbKw=="],

    "@peculiar/asn1-pfx": ["@peculiar/asn1-pfx@2.7.0", "", { "dependencies": { "@peculiar/asn1-cms": "^2.7.0", "@peculiar/asn1-pkcs8": "^2.7.0", "@peculiar/asn1-rsa": "^2.7.0", "@peculiar/asn1-schema": "^2.7.0", "asn1js": "^3.0.6", "tslib": "^2.8.1" } }, "sha512-V/nrlQVmhg7lYAsM7E13UDL5erAwFv6kCIVFqNaMIHSVi7dngcT839JkRTkQBqznMG98l2XjxYk74ZztAohZzA=="],

    "@peculiar/asn1-pkcs8": ["@peculiar/asn1-pkcs8@2.7.0", "", { "dependencies": { "@peculiar/asn1-schema": "^2.7.0", "@peculiar/asn1-x509": "^2.7.0", "asn1js": "^3.0.6", "tslib": "^2.8.1" } }, "sha512-9GTl1nE8Mx1kTZ+7QyYatDyKsm34QcWRBFkY1iPvWC3X4Dona5s/tlLiQsx5WzVdZqiMBZNYT0buyw4/vbhnjw=="],

    "@peculiar/asn1-pkcs9": ["@peculiar/asn1-pkcs9@2.7.0", "", { "dependencies": { "@peculiar/asn1-cms": "^2.7.0", "@peculiar/asn1-pfx": "^2.7.0", "@peculiar/asn1-pkcs8": "^2.7.0", "@peculiar/asn1-schema": "^2.7.0", "@peculiar/asn1-x509": "^2.7.0", "@peculiar/asn1-x509-attr": "^2.7.0", "asn1js": "^3.0.6", "tslib": "^2.8.1" } }, "sha512-Bh7m+OuIaSEllPQcSd9OSp93F4ROWH7sbITWV8MI+8dwsjE5111/87VxiWVvYFKyww3vp39geLv9ENqhwWHcew=="],

    "@peculiar/asn1-rsa": ["@peculiar/asn1-rsa@2.7.0", "", { "dependencies": { "@peculiar/asn1-schema": "^2.7.0", "@peculiar/asn1-x509": "^2.7.0", "asn1js": "^3.0.6", "tslib": "^2.8.1" } }, "sha512-/qvENQrXyTZURjMqSeofHul0JJt2sNSzSwk36pl2olkHbaioMQgrASDZAlHXl0xUlnVbHj0uGgOrBMTb5x2aJQ=="],

    "@peculiar/asn1-schema": ["@peculiar/asn1-schema@2.7.0", "", { "dependencies": { "@peculiar/utils": "^2.0.2", "asn1js": "^3.0.6", "tslib": "^2.8.1" } }, "sha512-W8ZfWzLmQnrcky+eh3tni4IozMdqBDiHWU0N+vve/UGjMaUs8c0L7A2oEdkBXS8rTpWDpK/aoI3DG/L/hxmxPg=="],

    "@peculiar/asn1-x509": ["@peculiar/asn1-x509@2.7.0", "", { "dependencies": { "@peculiar/asn1-schema": "^2.7.0", "@peculiar/utils": "^2.0.2", "asn1js": "^3.0.6", "tslib": "^2.8.1" } }, "sha512-mUn9RRrkGDnG4ALfunDmzyRW5dg+sWCj/pfnCCqEHYbkGxEpvUt6iVJv8Yw1cyp6SWZ26ZE5oSmI5SqEaen15g=="],

    "@peculiar/asn1-x509-attr": ["@peculiar/asn1-x509-attr@2.7.0", "", { "dependencies": { "@peculiar/asn1-schema": "^2.7.0", "@peculiar/asn1-x509": "^2.7.0", "asn1js": "^3.0.6", "tslib": "^2.8.1" } }, "sha512-NS8e7SOgXipkzUPLF/sce7ukpMpWjhxYsH0n6Y+bHYo4TTxOb95Zv7hqwSuL212mj5YxovjdOKQOgH1As3E94w=="],

    "@peculiar/utils": ["@peculiar/utils@2.0.3", "", { "dependencies": { "tslib": "^2.8.1" } }, "sha512-+oL3HPFRIZ1St2K50lWCXiioIgSoxzz7R1J3uF6neO2yl1sgmpgY6XXJH4BdpoDkMWznQTeYF6oWNDZLCdQ4eQ=="],

    "@peculiar/x509": ["@peculiar/x509@1.14.3", "", { "dependencies": { "@peculiar/asn1-cms": "^2.6.0", "@peculiar/asn1-csr": "^2.6.0", "@peculiar/asn1-ecc": "^2.6.0", "@peculiar/asn1-pkcs9": "^2.6.0", "@peculiar/asn1-rsa": "^2.6.0", "@peculiar/asn1-schema": "^2.6.0", "@peculiar/asn1-x509": "^2.6.0", "pvtsutils": "^1.3.6", "reflect-metadata": "^0.2.2", "tslib": "^2.8.1", "tsyringe": "^4.10.0" } }, "sha512-C2Xj8FZ0uHWeCXXqX5B4/gVFQmtSkiuOolzAgutjTfseNOHT3pUjljDZsTSxXFGgio54bCzVFqmEOUrIVk8RDA=="],

    "@seydx/node-av-darwin-arm64": ["@seydx/node-av-darwin-arm64@5.2.4", "", { "os": "darwin", "cpu": "arm64" }, "sha512-uQh6jWXDeXtjuaGOXrBx2rszPDcQbRa4W1YFrmlQG+ffOo+IJyczGjhTWfgzebRksB9tMAe9ViztU39THWZAkw=="],

    "@seydx/node-av-darwin-x64": ["@seydx/node-av-darwin-x64@5.2.4", "", { "os": "darwin", "cpu": "x64" }, "sha512-S9ptQF7JhvGSbvZH9jVeDAPXyRklA7rySKiFzi4UeLTMJslgFTSWFgY2nJAtHrP4wRdkAPnAVjExqd8U7jRZgg=="],

    "@seydx/node-av-linux-arm64": ["@seydx/node-av-linux-arm64@5.2.4", "", { "os": "linux", "cpu": "arm64" }, "sha512-XlQAWIcqFxVItr98VShaxzx57Cfl0y+RPCPciLOHXuEmfeKjON4o/xdbChHg02hHFrVAeSCfaHWQmHNgB9m6eQ=="],

    "@seydx/node-av-linux-x64": ["@seydx/node-av-linux-x64@5.2.4", "", { "os": "linux", "cpu": "x64" }, "sha512-+2LdgZ7irDik++0mO6Bo1odYa2NZvze6xiy4B8jTbcf3F8k46qQEKkPjBwtV0qQu5fn3M+fUc/wk5coHdfxjxA=="],

    "@seydx/node-av-win32-arm64-mingw": ["@seydx/node-av-win32-arm64-mingw@5.2.4", "", { "os": "win32", "cpu": "arm64" }, "sha512-uVNgRQ44uSdtMcR9O6R+nrBou5BWmroTFnGPI3PX8pHR8oe1Nim5zXtWK0qGTTqOiTPNsK5XnSshM3c5/n0/Fg=="],

    "@seydx/node-av-win32-arm64-msvc": ["@seydx/node-av-win32-arm64-msvc@5.2.4", "", { "os": "win32", "cpu": "arm64" }, "sha512-Gi+Op8j028WHbdl2jR7MnyHqR2J1TfkEogLPludb3jx54Yi+MO1zvouICFUmtSbxd9JC7CAeoU8++CZAMqcEvA=="],

    "@seydx/node-av-win32-x64-mingw": ["@seydx/node-av-win32-x64-mingw@5.2.4", "", { "os": "win32", "cpu": "x64" }, "sha512-gClAhvV/aJa681tuTlG6dTqqMpnTM5k6QVhnWolBgkbpZXMi0qABzoUBTYpuwxnOEd6j2mBBAVwqx6kut55Ukw=="],

    "@seydx/node-av-win32-x64-msvc": ["@seydx/node-av-win32-x64-msvc@5.2.4", "", { "os": "win32", "cpu": "x64" }, "sha512-01s5ij6nudrtZ7ojiAOAgzuUrImvuQYrAE5o6uesoxYqOha6j7yRu5e4qCXRQCDKrh2FBzyO1cGDc7Ht8Ly8wQ=="],

    "@shinyoshiaki/binary-data": ["@shinyoshiaki/binary-data@0.6.1", "", { "dependencies": { "generate-function": "^2.3.1", "is-plain-object": "^2.0.3" } }, "sha512-7HDb/fQAop2bCmvDIzU5+69i+UJaFgIVp99h1VzK1mpg1JwSODOkjbqD7ilTYnqlnadF8C4XjpwpepxDsGY6+w=="],

    "@shinyoshiaki/jspack": ["@shinyoshiaki/jspack@0.0.6", "", {}, "sha512-SdsNhLjQh4onBlyPrn4ia1Pdx5bXT88G/LIEpOYAjx2u4xeY/m/HB5yHqlkJB1uQR3Zw4R3hBWLj46STRAN0rg=="],

    "@types/bun": ["@types/bun@1.3.10", "", { "dependencies": { "bun-types": "1.3.10" } }, "sha512-0+rlrUrOrTSskibryHbvQkDOWRJwJZqZlxrUs1u4oOoTln8+WIXBPmAuCF35SWB2z4Zl3E84Nl/D0P7803nigQ=="],

    "@types/dom-mediacapture-transform": ["@types/dom-mediacapture-transform@0.1.11", "", { "dependencies": { "@types/dom-webcodecs": "*" } }, "sha512-Y2p+nGf1bF2XMttBnsVPHUWzRRZzqUoJAKmiP10b5umnO6DDrWI0BrGDJy1pOHoOULVmGSfFNkQrAlC5dcj6nQ=="],

    "@types/dom-webcodecs": ["@types/dom-webcodecs@0.1.13", "", {}, "sha512-O5hkiFIcjjszPIYyUSyvScyvrBoV3NOEEZx/pMlsu44TKzWNkLVBBxnxJz42in5n3QIolYOcBYFCPZZ0h8SkwQ=="],

    "@types/node": ["@types/node@25.4.0", "", { "dependencies": { "undici-types": "~7.18.0" } }, "sha512-9wLpoeWuBlcbBpOY3XmzSTG3oscB6xjBEEtn+pYXTfhyXhIxC5FsBer2KTopBlvKEiW9l13po9fq+SJY/5lkhw=="],

    "aes-js": ["aes-js@3.1.2", "", {}, "sha512-e5pEa2kBnBOgR4Y/p20pskXI74UEz7de8ZGVo58asOtvSVG5YAbJeELPZxOmt+Bnz3rX753YKhfIn4X4l1PPRQ=="],

    "asn1js": ["asn1js@3.0.10", "", { "dependencies": { "pvtsutils": "^1.3.6", "pvutils": "^1.1.5", "tslib": "^2.8.1" } }, "sha512-S2s3aOytiKdFRdulw2qPE51MzjzVOisppcVv7jVFR+Kw0kxwvFrDcYA0h7Ndqbmj0HkMIXYWaoj7fli8kgx1eg=="],

    "base64-js": ["base64-js@1.5.1", "", {}, "sha512-AKpaYlHn8t4SVbOHCy+b5+KKgvR4vrsD8vbvrbiQJps7fKDTkjkDry6ji0rUJjC0kzbNePLwzxq8iypo41qeWA=="],

    "bluebird": ["bluebird@3.7.2", "", {}, "sha512-XpNj6GDQzdfW+r2Wnn7xiSAd7TM3jzkxGXBGTtWKuSXv1xUV+azxAm8jdWZN06QTQk+2N2XB9jRDkvbmQmcRtg=="],

    "buffer": ["buffer@6.0.3", "", { "dependencies": { "base64-js": "^1.3.1", "ieee754": "^1.2.1" } }, "sha512-FTiCpNxtwiZZHEZbcbTIcZjERVICn9yq/pDFkTl95/AxzD1naBctN7YO68riM/gLSDY7sdrMby8hofADYuuqOA=="],

    "buffer-crc32": ["buffer-crc32@1.0.0", "", {}, "sha512-Db1SbgBS/fg/392AblrMJk97KggmvYhr4pB5ZIMTWtaivCPMWLkmb7m21cJvpvgK+J3nsU2CmmixNBZx4vFj/w=="],

    "bun-types": ["bun-types@1.3.10", "", { "dependencies": { "@types/node": "*" } }, "sha512-tcpfCCl6XWo6nCVnpcVrxQ+9AYN1iqMIzgrSKYMB/fjLtV2eyAVEg7AxQJuCq/26R6HpKWykQXuSOq/21RYcbg=="],

    "core-util-is": ["core-util-is@1.0.3", "", {}, "sha512-ZQBvi1DcpJ4GDqanjucZ2Hj3wEO5pZDS89BWbkcrvdxksJorwUDDZamX9ldFkp9aw2lmBDLgkObEA4DWNJ9FYQ=="],

    "date-fns": ["date-fns@2.30.0", "", { "dependencies": { "@babel/runtime": "^7.21.0" } }, "sha512-fnULvOpxnC5/Vg3NCiWelDsLiUc9bRwAPs/+LfTLNvetFCtCTN+yQz15C/fs4AwX1R9K5GLtLfn8QW+dWisaAw=="],

    "debug": ["debug@4.4.0", "", { "dependencies": { "ms": "^2.1.3" } }, "sha512-6WTZ/IxCY/T6BALoZHaE4ctp9xm+Z5kY/pzYaCHRFeyVhojxlrm+46y68HA6hr0TcwEssoxNiDEUJQjfPZ/RYA=="],

    "dns-packet": ["dns-packet@5.6.1", "", { "dependencies": { "@leichtgewicht/ip-codec": "^2.0.1" } }, "sha512-l4gcSouhcgIKRvyy99RNVOgxXiicE+2jZoNmaNmZ6JXiGajBOJAesk1OBlJuM5k2c+eudGdLxDqXuPCKIj6kpw=="],

    "duplexer2": ["duplexer2@0.1.4", "", { "dependencies": { "readable-stream": "^2.0.2" } }, "sha512-asLFVfWWtJ90ZyOUHMqk7/S2w2guQKxUI2itj3d92ADHhxUSbCMGi1f1cBcJ7xM1To+pE/Khbwo1yuNbMEPKeA=="],

    "fast-deep-equal": ["fast-deep-equal@3.1.3", "", {}, "sha512-f3qQ9oQy9j2AhBe/H9VC91wLmKBCCU/gDOnKNAYG5hswO7BLKj09Hc5HYNz9cGI++xlpDCIgDaitVs03ATR84Q=="],

    "fs-extra": ["fs-extra@11.3.5", "", { "dependencies": { "graceful-fs": "^4.2.0", "jsonfile": "^6.0.1", "universalify": "^2.0.0" } }, "sha512-eKpRKAovdpZtR1WopLHxlBWvAgPny3c4gX1G5Jhwmmw4XJj0ifSD5qB5TOo8hmA0wlRKDAOAhEE1yVPgs6Fgcg=="],

    "generate-function": ["generate-function@2.3.1", "", { "dependencies": { "is-property": "^1.0.2" } }, "sha512-eeB5GfMNeevm/GRYq20ShmsaGcmI81kIX2K9XQx5miC8KdHaC6Jm0qQ8ZNeGOi7wYB8OsdxKs+Y2oVuTFuVwKQ=="],

    "graceful-fs": ["graceful-fs@4.2.11", "", {}, "sha512-RbJ5/jmFcNNCcDV5o9eTnBLJ/HszWV0P73bc+Ff4nS/rJj+YaS6IGyiOL0VoBYX+l1Wrl3k63h/KrH+nhJ0XvQ=="],

    "hono": ["hono@4.12.12", "", {}, "sha512-p1JfQMKaceuCbpJKAPKVqyqviZdS0eUxH9v82oWo1kb9xjQ5wA6iP3FNVAPDFlz5/p7d45lO+BpSk1tuSZMF4Q=="],

    "ieee754": ["ieee754@1.2.1", "", {}, "sha512-dcyqhDvX1C46lXZcVqCpK+FtMRQVdIMN6/Df5js2zouUsqG7I6sFxitIC+7KYK29KdXOLHdu9zL4sFnoVQnqaA=="],

    "inherits": ["inherits@2.0.4", "", {}, "sha512-k/vGaX4/Yla3WzyMCvTQOXYeIHvqOKtnqBduzTHpzpQZzAskKMhZ2K+EnBiSM9zGSoIFeMpXKxa4dYeZIQqewQ=="],

    "int64-buffer": ["int64-buffer@1.1.0", "", {}, "sha512-94smTCQOvigN4d/2R/YDjz8YVG0Sufvv2aAh8P5m42gwhCsDAJqnbNOrxJsrADuAFAA69Q/ptGzxvNcNuIJcvw=="],

    "ip": ["ip@2.0.1", "", {}, "sha512-lJUL9imLTNi1ZfXT+DU6rBBdbiKGBuay9B6xGSPVjUeQwaH1RIGqef8RZkUtHioLmSNpPR5M4HVKJGm1j8FWVQ=="],

    "is-plain-object": ["is-plain-object@2.0.4", "", { "dependencies": { "isobject": "^3.0.1" } }, "sha512-h5PpgXkWitc38BBMYawTYMWJHFZJVnBquFE57xFpjB8pJFiF6gZ+bU+WyI/yqXiFR5mdLsgYNaPe8uao6Uv9Og=="],

    "is-property": ["is-property@1.0.2", "", {}, "sha512-Ks/IoX00TtClbGQr4TWXemAnktAQvYB7HzcCxDGqEZU6oCmb2INHuOoKxbtR+HFkmYWBKv/dOZtGRiAjDhj92g=="],

    "isarray": ["isarray@1.0.0", "", {}, "sha512-VLghIWNM6ELQzo7zwmcg0NmTVyWKYjvIeM83yjp0wRDTmUnrM678fQbcKBo6n2CJEF0szoG//ytg+TKla89ALQ=="],

    "isobject": ["isobject@3.0.1", "", {}, "sha512-WhB9zCku7EGTj/HQQRz5aUQEUeoQZH2bWcltRErOpymJ4boYE6wL9Tbr23krRPSZ+C5zqNSrSw+Cc7sZZ4b7vg=="],

    "jsonfile": ["jsonfile@6.2.1", "", { "dependencies": { "universalify": "^2.0.0" }, "optionalDependencies": { "graceful-fs": "^4.1.6" } }, "sha512-zwOTdL3rFQ/lRdBnntKVOX6k5cKJwEc1HdilT71BWEu7J41gXIB2MRp+vxduPSwZJPWBxEzv4yH1wYLJGUHX4Q=="],

    "lodash": ["lodash@4.18.1", "", {}, "sha512-dMInicTPVE8d1e5otfwmmjlxkZoUpiVLwyeTdUsi/Caj/gfzzblBcCE5sRHV/AsjuCmxWrte2TNGSYuCeCq+0Q=="],

    "mediabunny": ["mediabunny@1.45.2", "", { "dependencies": { "@types/dom-mediacapture-transform": "^0.1.11", "@types/dom-webcodecs": "0.1.13" } }, "sha512-lm34wGClgC263x8SEH5+79Z6aeDcHetoCKMSAeqDhn6Qn4a3A24Bs8uJf9Lxt9h0MEa/uJqZ/5soial/V9TSwQ=="],

    "mp4box": ["mp4box@0.5.4", "", {}, "sha512-GcCH0fySxBurJtvr0dfhz0IxHZjc1RP+F+I8xw+LIwkU1a+7HJx8NCDiww1I5u4Hz6g4eR1JlGADEGJ9r4lSfA=="],

    "ms": ["ms@2.1.3", "", {}, "sha512-6FlzubTLZG3J2a/NVCAleEhjzq5oxgHyaCU9yYXvcLsvoVaHJq/s5xXI6/XXP6tz7R9xAOtHnSO/tXtF3WRTlA=="],

    "multicast-dns": ["multicast-dns@7.2.5", "", { "dependencies": { "dns-packet": "^5.2.2", "thunky": "^1.0.2" }, "bin": { "multicast-dns": "cli.js" } }, "sha512-2eznPJP8z2BFLX50tf0LuODrpINqP1RVIm/CObbTcBRITQgmC/TjcREF1NeTBzIcR5XO/ukWo+YHOjBbFwIupg=="],

    "node-av": ["node-av@5.2.4", "", { "dependencies": { "unzipper": "^0.12.3", "werift": "^0.23.0" }, "optionalDependencies": { "@seydx/node-av-darwin-arm64": "^5.2.4", "@seydx/node-av-darwin-x64": "^5.2.4", "@seydx/node-av-linux-arm64": "^5.2.4", "@seydx/node-av-linux-x64": "^5.2.4", "@seydx/node-av-win32-arm64-mingw": "^5.2.4", "@seydx/node-av-win32-arm64-msvc": "^5.2.4", "@seydx/node-av-win32-x64-mingw": "^5.2.4", "@seydx/node-av-win32-x64-msvc": "^5.2.4" } }, "sha512-L5r+6k+YGvH5MZX8o55JHQbbeRZ+iFieAb1bhKtpa8hrqBEGuSwdkXRwpE4vd414JqVJsq/EQq6s+3qKeviQTg=="],

    "node-int64": ["node-int64@0.4.0", "", {}, "sha512-O5lz91xSOeoXP6DulyHfllpq+Eg00MWitZIbtPfoSEvqIHdl5gfcY6hYzDWnj0qD5tz52PI08u9qUvSVeUBeHw=="],

    "p-cancelable": ["p-cancelable@2.1.1", "", {}, "sha512-BZOr3nRQHOntUjTrH8+Lh54smKHoHyur8We1V8DSMVrl5A2malOOwuJRnKRDjSnkoeBh4at6BwEnb5I7Jl31wg=="],

    "process-nextick-args": ["process-nextick-args@2.0.1", "", {}, "sha512-3ouUOpQhtgrbOa17J7+uxOTpITYWaGP7/AhoR3+A+/1e9skrzelGi/dXzEYyvbxubEF6Wn2ypscTKiKJFFn1ag=="],

    "pvtsutils": ["pvtsutils@1.3.6", "", { "dependencies": { "tslib": "^2.8.1" } }, "sha512-PLgQXQ6H2FWCaeRak8vvk1GW462lMxB5s3Jm673N82zI4vqtVUPuZdffdZbPDFRoU8kAhItWFtPCWiPpp4/EDg=="],

    "pvutils": ["pvutils@1.1.5", "", {}, "sha512-KTqnxsgGiQ6ZAzZCVlJH5eOjSnvlyEgx1m8bkRJfOhmGRqfo5KLvmAlACQkrjEtOQ4B7wF9TdSLIs9O90MX9xA=="],

    "readable-stream": ["readable-stream@2.3.8", "", { "dependencies": { "core-util-is": "~1.0.0", "inherits": "~2.0.3", "isarray": "~1.0.0", "process-nextick-args": "~2.0.0", "safe-buffer": "~5.1.1", "string_decoder": "~1.1.1", "util-deprecate": "~1.0.1" } }, "sha512-8p0AUk4XODgIewSi0l8Epjs+EVnWiK7NoDIEGU0HhE7+ZyY8D1IMY7odu5lRrFXGg71L15KG8QrPmum45RTtdA=="],

    "reflect-metadata": ["reflect-metadata@0.2.2", "", {}, "sha512-urBwgfrvVP/eAyXx4hluJivBKzuEbSQs9rKWCrCkbSxNv8mxPcUZKeuoF3Uy4mJl3Lwprp6yy5/39VWigZ4K6Q=="],

    "rx.mini": ["rx.mini@1.4.0", "", {}, "sha512-8w5cSc1mwNja7fl465DXOkVvIOkpvh2GW4jo31nAIvX4WTXCsRnKJGUfiDBzWtYRInEcHAUYIZfzusjIrea8gA=="],

    "safe-buffer": ["safe-buffer@5.1.2", "", {}, "sha512-Gd2UZBJDkXlY7GbJxfsE8/nvKkUEU1G38c1siN6QP6a9PT9MmHB8GnpscSmMJSoF8LOIrt8ud/wPtojys4G6+g=="],

    "string_decoder": ["string_decoder@1.1.1", "", { "dependencies": { "safe-buffer": "~5.1.0" } }, "sha512-n/ShnvDi6FHbbVfviro+WojiFzv+s8MPMHBczVePfUpDJLwoLT0ht1l4YwBCbi8pJAveEEdnkHyPyTP/mzRfwg=="],

    "thunky": ["thunky@1.1.0", "", {}, "sha512-eHY7nBftgThBqOyHGVN+l8gF0BucP09fMo0oO/Lb0w1OF80dJv+lDVpXG60WMQvkcxAkNybKsrEIE3ZtKGmPrA=="],

    "tslib": ["tslib@2.8.1", "", {}, "sha512-oJFu94HQb+KVduSUQL7wnpmqnfmLsOA/nAh6b6EH0wCEoK0/mPeXU6c3wKDV83MkOuHPRHtSXKKU99IBazS/2w=="],

    "tsyringe": ["tsyringe@4.10.0", "", { "dependencies": { "tslib": "^1.9.3" } }, "sha512-axr3IdNuVIxnaK5XGEUFTu3YmAQ6lllgrvqfEoR16g/HGnYY/6We4oWENtAnzK6/LpJ2ur9PAb80RBt7/U4ugw=="],

    "tweetnacl": ["tweetnacl@1.0.3", "", {}, "sha512-6rt+RN7aOi1nGMyC4Xa5DdYiukl2UWCbcJft7YhxReBGQD7OAM8Pbxw6YMo4r2diNEA8FEmu32YOn9rhaiE5yw=="],

    "undici-types": ["undici-types@7.18.2", "", {}, "sha512-AsuCzffGHJybSaRrmr5eHr81mwJU3kjw6M+uprWvCXiNeN9SOGwQ3Jn8jb8m3Z6izVgknn1R0FTCEAP2QrLY/w=="],

    "universalify": ["universalify@2.0.1", "", {}, "sha512-gptHNQghINnc/vTGIk0SOFGFNXw7JVrlRUtConJRlvaw6DuX0wO5Jeko9sWrMBhh+PsYAZ7oXAiOnf/UKogyiw=="],

    "unzipper": ["unzipper@0.12.3", "", { "dependencies": { "bluebird": "~3.7.2", "duplexer2": "~0.1.4", "fs-extra": "^11.2.0", "graceful-fs": "^4.2.2", "node-int64": "^0.4.0" } }, "sha512-PZ8hTS+AqcGxsaQntl3IRBw65QrBI6lxzqDEL7IAo/XCEqRTKGfOX56Vea5TH9SZczRVxuzk1re04z/YjuYCJA=="],

    "util-deprecate": ["util-deprecate@1.0.2", "", {}, "sha512-EPD5q1uXyFxJpCrLnCc1nHnq3gOa6DZBocAIiI2TaSCA7VCJ1UJDMagCzIkXNsUYfD1daK//LTEQ8xiIbrHtcw=="],

    "werift": ["werift@0.23.0", "", { "dependencies": { "@fidm/x509": "^1.2.1", "@minhducsun2002/leb128": "^1.0.0", "@noble/curves": "^1.8.1", "@peculiar/x509": "^1.12.3", "@shinyoshiaki/binary-data": "^0.6.1", "@shinyoshiaki/jspack": "^0.0.6", "aes-js": "^3.1.2", "buffer": "^6.0.3", "debug": "4.4.0", "fast-deep-equal": "^3.1.3", "int64-buffer": "1.1.0", "ip": "^2.0.1", "mp4box": "^0.5.3", "multicast-dns": "^7.2.5", "tweetnacl": "^1.0.3", "werift-common": "*", "werift-dtls": "*", "werift-ice": "*", "werift-rtp": "*", "werift-sctp": "*" } }, "sha512-/WcIN5DHFG9Ri4anGOmIkp8gxBGFMWSIB/m4sfZ5CWlLfD3iMhiaAUuTBuc+KV3SY9NDmvmLtiN2uaM7k3lVzw=="],

    "werift-common": ["werift-common@0.0.3", "", { "dependencies": { "@shinyoshiaki/jspack": "^0.0.6", "debug": "^4.4.0" } }, "sha512-ma3E4BqKTyZVLhrdfTVs2T1tg9seeUtKMRn5e64LwgrogWa62+3LAUoLBUSl1yPWhgSkXId7GmcHuWDen9IJeQ=="],

    "werift-dtls": ["werift-dtls@0.5.7", "", { "dependencies": { "@fidm/x509": "^1.2.1", "@noble/curves": "^1.3.0", "@peculiar/x509": "^1.9.2", "@shinyoshiaki/binary-data": "^0.6.1", "date-fns": "^2.29.3", "lodash": "^4.17.21", "rx.mini": "^1.2.2", "tweetnacl": "^1.0.3" } }, "sha512-z2fjbP7fFUFmu/Ky4bCKXzdgPTtmSY1DYi0TUf3GG2zJT4jMQ3TQmGY8y7BSSNGetvL4h3pRZ5un0EcSOWpPog=="],

    "werift-ice": ["werift-ice@0.2.2", "", { "dependencies": { "@shinyoshiaki/jspack": "^0.0.6", "buffer-crc32": "^1.0.0", "debug": "^4.3.4", "int64-buffer": "^1.0.1", "ip": "^2.0.1", "lodash": "^4.17.21", "multicast-dns": "^7.2.5", "p-cancelable": "^2.1.1", "rx.mini": "^1.2.2" } }, "sha512-td52pHp+JmFnUn5jfDr/SSNO0dMCbknhuPdN1tFp9cfRj5jaktN63qnAdUuZC20QCC3ETWdsOthcm+RalHpFCQ=="],

    "werift-rtp": ["werift-rtp@0.8.8", "", { "dependencies": { "@minhducsun2002/leb128": "^1.0.0", "@shinyoshiaki/jspack": "^0.0.6", "aes-js": "^3.1.2", "buffer": "^6.0.3", "mp4box": "^0.5.3" } }, "sha512-GiYMSdvCyScQaw5bnEsraSoHUVZpjfokJAiLV4R1FsiB06t6XiebPYPpkqB9nYNNKiA8Z/cYWsym7wISq1sYSQ=="],

    "werift-sctp": ["werift-sctp@0.0.11", "", { "dependencies": { "@shinyoshiaki/jspack": "^0.0.6" } }, "sha512-7109yuI5U7NTEHjqjn0A8VeynytkgVaxM6lRr1Ziv0D8bPcaB8A7U/P88M7WaCpWDoELHoXiRUjQycMWStIgjQ=="],

    "zod": ["zod@3.25.76", "", {}, "sha512-gzUt/qt81nXsFGKIFcC3YnfEAx5NkunCfnDlvuBSSFS02bcXu4Lmea0AFIUwbLWxWPx3d9p8S5QoaujKcNQxcQ=="],

    "tsyringe/tslib": ["tslib@1.14.1", "", {}, "sha512-Xni35NKzjgMrwevysHTCArtLDpPvye8zV/0E4EyYn43P7/7qvQwPh9BGkHewbMulVntbigmcT7rdX3BNo9wRJg=="],
  }
}
