{
  "object": {
    "pins": [
      {
        "package": "SwiftRs",
        "repositoryURL": "https://github.com/Brendonovich/swift-rs",
        "state": {
          "branch": null,
          "revision": "b5ed223fcdab165bc21219c1925dc1e77e2bef5e",
          "version": "1.0.6"
        }
      }
    ]
  },
  "version": 1
}
